// !$*UTF8*$!
{
	archiveVersion = 1;
	classes = {
	};
	objectVersion = 50;
	objects = {

/* Begin PBXBuildFile section */
		2300F90B224A4BD4005C55CC /* CoreDataStack.swift in Sources */ = {isa = PBXBuildFile; fileRef = 2300F90A224A4BD4005C55CC /* CoreDataStack.swift */; };
		2300F90D224A502F005C55CC /* StorageManager.swift in Sources */ = {isa = PBXBuildFile; fileRef = 2300F90C224A502F005C55CC /* StorageManager.swift */; };
		2307FFE9220CB2B1008D351D /* AppDelegate.swift in Sources */ = {isa = PBXBuildFile; fileRef = 2307FFE8220CB2B1008D351D /* AppDelegate.swift */; };
		2307FFEB220CB2B1008D351D /* ProfileViewController.swift in Sources */ = {isa = PBXBuildFile; fileRef = 2307FFEA220CB2B1008D351D /* ProfileViewController.swift */; };
		2307FFEE220CB2B1008D351D /* ProfileView.storyboard in Resources */ = {isa = PBXBuildFile; fileRef = 2307FFEC220CB2B1008D351D /* ProfileView.storyboard */; };
		2307FFF1220CB2B1008D351D /* ChatApp.xcdatamodeld in Sources */ = {isa = PBXBuildFile; fileRef = 2307FFEF220CB2B1008D351D /* ChatApp.xcdatamodeld */; };
		2307FFF3220CB2B3008D351D /* Assets.xcassets in Resources */ = {isa = PBXBuildFile; fileRef = 2307FFF2220CB2B3008D351D /* Assets.xcassets */; };
		2307FFF6220CB2B3008D351D /* LaunchScreen.storyboard in Resources */ = {isa = PBXBuildFile; fileRef = 2307FFF4220CB2B3008D351D /* LaunchScreen.storyboard */; };
		2307FFFE220CBC03008D351D /* service.swift in Sources */ = {isa = PBXBuildFile; fileRef = 2307FFFD220CBC03008D351D /* service.swift */; };
		23091AB0222EB7480088BCFB /* ThemePickerViewControllerDelegate.swift in Sources */ = {isa = PBXBuildFile; fileRef = 23091AAF222EB7480088BCFB /* ThemePickerViewControllerDelegate.swift */; };
		23091AB4222EBD470088BCFB /* SThemePickerViewController.swift in Sources */ = {isa = PBXBuildFile; fileRef = 23091AB3222EBD470088BCFB /* SThemePickerViewController.swift */; };
		23091AB6222EC7110088BCFB /* UserDefaults.swift in Sources */ = {isa = PBXBuildFile; fileRef = 23091AB5222EC7110088BCFB /* UserDefaults.swift */; };
		232D613C225286C600004260 /* CoreDataExtensions.swift in Sources */ = {isa = PBXBuildFile; fileRef = 232D613B225286C600004260 /* CoreDataExtensions.swift */; };
		232D613E2253680100004260 /* DataProvider.swift in Sources */ = {isa = PBXBuildFile; fileRef = 232D613D2253680100004260 /* DataProvider.swift */; };
		2339D4C2221FFC88002CC37C /* ChatModel.swift in Sources */ = {isa = PBXBuildFile; fileRef = 2339D4C1221FFC88002CC37C /* ChatModel.swift */; };
		2339D4CC221FFEAB002CC37C /* ChatTableViewCell.swift in Sources */ = {isa = PBXBuildFile; fileRef = 2339D4CA221FFEAB002CC37C /* ChatTableViewCell.swift */; };
		2339D4D022200C54002CC37C /* ChatTableViewCell.xib in Resources */ = {isa = PBXBuildFile; fileRef = 2339D4CF22200C54002CC37C /* ChatTableViewCell.xib */; };
		2363FCA122378857004EBEE5 /* Profile.swift in Sources */ = {isa = PBXBuildFile; fileRef = 2363FCA022378857004EBEE5 /* Profile.swift */; };
		236DFCB922241EEC006DE178 /* MessageBubbleTableViewCell.swift in Sources */ = {isa = PBXBuildFile; fileRef = 236DFCB722241EEC006DE178 /* MessageBubbleTableViewCell.swift */; };
		236DFCBA22241EEC006DE178 /* OutcomingMessageBubbleTableViewCell.xib in Resources */ = {isa = PBXBuildFile; fileRef = 236DFCB822241EEC006DE178 /* OutcomingMessageBubbleTableViewCell.xib */; };
		236DFCBC22243AD9006DE178 /* IncomingMessageBubbleTableViewCell.xib in Resources */ = {isa = PBXBuildFile; fileRef = 236DFCBB22243AD9006DE178 /* IncomingMessageBubbleTableViewCell.xib */; };
		23766689221995AB00CA3811 /* CustomImageView.swift in Sources */ = {isa = PBXBuildFile; fileRef = 23766688221995AB00CA3811 /* CustomImageView.swift */; };
		2376668C2219B66B00CA3811 /* ProfileViewController-ImagePickerControllerDelegate.swift in Sources */ = {isa = PBXBuildFile; fileRef = 2376668B2219B66B00CA3811 /* ProfileViewController-ImagePickerControllerDelegate.swift */; };
		2376668E2219B69900CA3811 /* ProfileViewController-NavigationViewControllerDelegate.swift in Sources */ = {isa = PBXBuildFile; fileRef = 2376668D2219B69900CA3811 /* ProfileViewController-NavigationViewControllerDelegate.swift */; };
		2378FACF221EF9F700C4733E /* ConversationsListViewController.storyboard in Resources */ = {isa = PBXBuildFile; fileRef = 2378FACE221EF9F700C4733E /* ConversationsListViewController.storyboard */; };
		2378FAD1221EFA2F00C4733E /* ConversationsListViewController.swift in Sources */ = {isa = PBXBuildFile; fileRef = 2378FAD0221EFA2F00C4733E /* ConversationsListViewController.swift */; };
		23945069221718FF0046F60F /* ServicePictures.xcassets in Resources */ = {isa = PBXBuildFile; fileRef = 23945068221718FF0046F60F /* ServicePictures.xcassets */; };
		23BD7005223FBF7F00530CE5 /* MultipeerConnectivity.swift in Sources */ = {isa = PBXBuildFile; fileRef = 23BD7004223FBF7F00530CE5 /* MultipeerConnectivity.swift */; };
		23BD7007223FC20000530CE5 /* MultipeerCommunicator.swift in Sources */ = {isa = PBXBuildFile; fileRef = 23BD7006223FC20000530CE5 /* MultipeerCommunicator.swift */; };
		23BD7009223FC2C600530CE5 /* MultipeerMessage.swift in Sources */ = {isa = PBXBuildFile; fileRef = 23BD7008223FC2C600530CE5 /* MultipeerMessage.swift */; };
		23BD700C223FC94700530CE5 /* CommunicationManager.swift in Sources */ = {isa = PBXBuildFile; fileRef = 23BD700B223FC94700530CE5 /* CommunicationManager.swift */; };
		23BD70142241275F00530CE5 /* MessageInputAccessory.xib in Resources */ = {isa = PBXBuildFile; fileRef = 23BD70132241275F00530CE5 /* MessageInputAccessory.xib */; };
		23BD701622412A4900530CE5 /* MessageInputAccessoryView.swift in Sources */ = {isa = PBXBuildFile; fileRef = 23BD701522412A4900530CE5 /* MessageInputAccessoryView.swift */; };
		23CA437422577DCF00513C9F /* ThemeModel.swift in Sources */ = {isa = PBXBuildFile; fileRef = 23CA437322577DCF00513C9F /* ThemeModel.swift */; };
		23E619C62223D67D00E3D395 /* ChatViewController.swift in Sources */ = {isa = PBXBuildFile; fileRef = 23E619C52223D67D00E3D395 /* ChatViewController.swift */; };
		23E619C82223D68700E3D395 /* ChatView.storyboard in Resources */ = {isa = PBXBuildFile; fileRef = 23E619C72223D68700E3D395 /* ChatView.storyboard */; };
		58801E04AC65351AD39CF1C3 /* Pods_ChatApp.framework in Frameworks */ = {isa = PBXBuildFile; fileRef = 99C0772D70415B23462FF8C3 /* Pods_ChatApp.framework */; };
/* End PBXBuildFile section */

/* Begin PBXFileReference section */
		2300F90A224A4BD4005C55CC /* CoreDataStack.swift */ = {isa = PBXFileReference; lastKnownFileType = sourcecode.swift; path = CoreDataStack.swift; sourceTree = "<group>"; };
		2300F90C224A502F005C55CC /* StorageManager.swift */ = {isa = PBXFileReference; lastKnownFileType = sourcecode.swift; path = StorageManager.swift; sourceTree = "<group>"; };
		2307FFE5220CB2B1008D351D /* ChatApp.app */ = {isa = PBXFileReference; explicitFileType = wrapper.application; includeInIndex = 0; path = ChatApp.app; sourceTree = BUILT_PRODUCTS_DIR; };
		2307FFE8220CB2B1008D351D /* AppDelegate.swift */ = {isa = PBXFileReference; lastKnownFileType = sourcecode.swift; path = AppDelegate.swift; sourceTree = "<group>"; };
		2307FFEA220CB2B1008D351D /* ProfileViewController.swift */ = {isa = PBXFileReference; lastKnownFileType = sourcecode.swift; path = ProfileViewController.swift; sourceTree = "<group>"; };
		2307FFED220CB2B1008D351D /* Base */ = {isa = PBXFileReference; lastKnownFileType = file.storyboard; name = Base; path = Base.lproj/ProfileView.storyboard; sourceTree = "<group>"; };
		2307FFF0220CB2B1008D351D /* ChatApp.xcdatamodel */ = {isa = PBXFileReference; lastKnownFileType = wrapper.xcdatamodel; path = ChatApp.xcdatamodel; sourceTree = "<group>"; };
		2307FFF2220CB2B3008D351D /* Assets.xcassets */ = {isa = PBXFileReference; lastKnownFileType = folder.assetcatalog; path = Assets.xcassets; sourceTree = "<group>"; };
		2307FFF5220CB2B3008D351D /* Base */ = {isa = PBXFileReference; lastKnownFileType = file.storyboard; name = Base; path = Base.lproj/LaunchScreen.storyboard; sourceTree = "<group>"; };
		2307FFF7220CB2B3008D351D /* Info.plist */ = {isa = PBXFileReference; lastKnownFileType = text.plist.xml; path = Info.plist; sourceTree = "<group>"; };
		2307FFFD220CBC03008D351D /* service.swift */ = {isa = PBXFileReference; lastKnownFileType = sourcecode.swift; path = service.swift; sourceTree = "<group>"; };
		23091AAF222EB7480088BCFB /* ThemePickerViewControllerDelegate.swift */ = {isa = PBXFileReference; lastKnownFileType = sourcecode.swift; path = ThemePickerViewControllerDelegate.swift; sourceTree = "<group>"; };
		23091AB3222EBD470088BCFB /* SThemePickerViewController.swift */ = {isa = PBXFileReference; lastKnownFileType = sourcecode.swift; path = SThemePickerViewController.swift; sourceTree = "<group>"; };
		23091AB5222EC7110088BCFB /* UserDefaults.swift */ = {isa = PBXFileReference; lastKnownFileType = sourcecode.swift; path = UserDefaults.swift; sourceTree = "<group>"; };
		232D613B225286C600004260 /* CoreDataExtensions.swift */ = {isa = PBXFileReference; lastKnownFileType = sourcecode.swift; path = CoreDataExtensions.swift; sourceTree = "<group>"; };
		232D613D2253680100004260 /* DataProvider.swift */ = {isa = PBXFileReference; lastKnownFileType = sourcecode.swift; path = DataProvider.swift; sourceTree = "<group>"; };
		2339D4C1221FFC88002CC37C /* ChatModel.swift */ = {isa = PBXFileReference; lastKnownFileType = sourcecode.swift; path = ChatModel.swift; sourceTree = "<group>"; };
		2339D4CA221FFEAB002CC37C /* ChatTableViewCell.swift */ = {isa = PBXFileReference; lastKnownFileType = sourcecode.swift; path = ChatTableViewCell.swift; sourceTree = "<group>"; };
		2339D4CF22200C54002CC37C /* ChatTableViewCell.xib */ = {isa = PBXFileReference; lastKnownFileType = file.xib; path = ChatTableViewCell.xib; sourceTree = "<group>"; };
		2363FCA022378857004EBEE5 /* Profile.swift */ = {isa = PBXFileReference; lastKnownFileType = sourcecode.swift; path = Profile.swift; sourceTree = "<group>"; };
		236DFCB722241EEC006DE178 /* MessageBubbleTableViewCell.swift */ = {isa = PBXFileReference; lastKnownFileType = sourcecode.swift; path = MessageBubbleTableViewCell.swift; sourceTree = "<group>"; };
		236DFCB822241EEC006DE178 /* OutcomingMessageBubbleTableViewCell.xib */ = {isa = PBXFileReference; lastKnownFileType = file.xib; path = OutcomingMessageBubbleTableViewCell.xib; sourceTree = "<group>"; };
		236DFCBB22243AD9006DE178 /* IncomingMessageBubbleTableViewCell.xib */ = {isa = PBXFileReference; lastKnownFileType = file.xib; path = IncomingMessageBubbleTableViewCell.xib; sourceTree = "<group>"; };
		23766688221995AB00CA3811 /* CustomImageView.swift */ = {isa = PBXFileReference; lastKnownFileType = sourcecode.swift; path = CustomImageView.swift; sourceTree = "<group>"; };
		2376668B2219B66B00CA3811 /* ProfileViewController-ImagePickerControllerDelegate.swift */ = {isa = PBXFileReference; lastKnownFileType = sourcecode.swift; path = "ProfileViewController-ImagePickerControllerDelegate.swift"; sourceTree = "<group>"; };
		2376668D2219B69900CA3811 /* ProfileViewController-NavigationViewControllerDelegate.swift */ = {isa = PBXFileReference; lastKnownFileType = sourcecode.swift; path = "ProfileViewController-NavigationViewControllerDelegate.swift"; sourceTree = "<group>"; };
		2378FACE221EF9F700C4733E /* ConversationsListViewController.storyboard */ = {isa = PBXFileReference; lastKnownFileType = file.storyboard; path = ConversationsListViewController.storyboard; sourceTree = "<group>"; };
		2378FAD0221EFA2F00C4733E /* ConversationsListViewController.swift */ = {isa = PBXFileReference; lastKnownFileType = sourcecode.swift; path = ConversationsListViewController.swift; sourceTree = "<group>"; };
		23945068221718FF0046F60F /* ServicePictures.xcassets */ = {isa = PBXFileReference; lastKnownFileType = folder.assetcatalog; path = ServicePictures.xcassets; sourceTree = "<group>"; };
		23BD7004223FBF7F00530CE5 /* MultipeerConnectivity.swift */ = {isa = PBXFileReference; lastKnownFileType = sourcecode.swift; path = MultipeerConnectivity.swift; sourceTree = "<group>"; };
		23BD7006223FC20000530CE5 /* MultipeerCommunicator.swift */ = {isa = PBXFileReference; lastKnownFileType = sourcecode.swift; path = MultipeerCommunicator.swift; sourceTree = "<group>"; };
		23BD7008223FC2C600530CE5 /* MultipeerMessage.swift */ = {isa = PBXFileReference; lastKnownFileType = sourcecode.swift; path = MultipeerMessage.swift; sourceTree = "<group>"; };
		23BD700B223FC94700530CE5 /* CommunicationManager.swift */ = {isa = PBXFileReference; lastKnownFileType = sourcecode.swift; path = CommunicationManager.swift; sourceTree = "<group>"; };
		23BD70132241275F00530CE5 /* MessageInputAccessory.xib */ = {isa = PBXFileReference; lastKnownFileType = file.xib; path = MessageInputAccessory.xib; sourceTree = "<group>"; };
		23BD701522412A4900530CE5 /* MessageInputAccessoryView.swift */ = {isa = PBXFileReference; lastKnownFileType = sourcecode.swift; path = MessageInputAccessoryView.swift; sourceTree = "<group>"; };
		23CA437322577DCF00513C9F /* ThemeModel.swift */ = {isa = PBXFileReference; lastKnownFileType = sourcecode.swift; path = ThemeModel.swift; sourceTree = "<group>"; };
		23E619C52223D67D00E3D395 /* ChatViewController.swift */ = {isa = PBXFileReference; lastKnownFileType = sourcecode.swift; path = ChatViewController.swift; sourceTree = "<group>"; };
		23E619C72223D68700E3D395 /* ChatView.storyboard */ = {isa = PBXFileReference; lastKnownFileType = file.storyboard; path = ChatView.storyboard; sourceTree = "<group>"; };
		254E4CF629548B8E7EED7ABD /* Pods-ChatApp.debug.xcconfig */ = {isa = PBXFileReference; includeInIndex = 1; lastKnownFileType = text.xcconfig; name = "Pods-ChatApp.debug.xcconfig"; path = "Pods/Target Support Files/Pods-ChatApp/Pods-ChatApp.debug.xcconfig"; sourceTree = "<group>"; };
		30D98CD083678D0E043E7DE9 /* Pods-ChatApp.release.xcconfig */ = {isa = PBXFileReference; includeInIndex = 1; lastKnownFileType = text.xcconfig; name = "Pods-ChatApp.release.xcconfig"; path = "Pods/Target Support Files/Pods-ChatApp/Pods-ChatApp.release.xcconfig"; sourceTree = "<group>"; };
		99C0772D70415B23462FF8C3 /* Pods_ChatApp.framework */ = {isa = PBXFileReference; explicitFileType = wrapper.framework; includeInIndex = 0; path = Pods_ChatApp.framework; sourceTree = BUILT_PRODUCTS_DIR; };
/* End PBXFileReference section */

/* Begin PBXFrameworksBuildPhase section */
		2307FFE2220CB2B1008D351D /* Frameworks */ = {
			isa = PBXFrameworksBuildPhase;
			buildActionMask = 2147483647;
			files = (
				58801E04AC65351AD39CF1C3 /* Pods_ChatApp.framework in Frameworks */,
			);
			runOnlyForDeploymentPostprocessing = 0;
		};
/* End PBXFrameworksBuildPhase section */

/* Begin PBXGroup section */
		2300F909224A4BC4005C55CC /* CoreData */ = {
			isa = PBXGroup;
			children = (
				2300F90A224A4BD4005C55CC /* CoreDataStack.swift */,
				2300F90C224A502F005C55CC /* StorageManager.swift */,
				232D613B225286C600004260 /* CoreDataExtensions.swift */,
			);
			path = CoreData;
			sourceTree = "<group>";
		};
		2307FFDC220CB2B1008D351D = {
			isa = PBXGroup;
			children = (
				2307FFE7220CB2B1008D351D /* ChatApp */,
				2307FFE6220CB2B1008D351D /* Products */,
				B340ED073890A1EBC284B229 /* Pods */,
				8D94F74CD17E31F82161F18A /* Frameworks */,
			);
			sourceTree = "<group>";
		};
		2307FFE6220CB2B1008D351D /* Products */ = {
			isa = PBXGroup;
			children = (
				2307FFE5220CB2B1008D351D /* ChatApp.app */,
			);
			name = Products;
			sourceTree = "<group>";
		};
		2307FFE7220CB2B1008D351D /* ChatApp */ = {
			isa = PBXGroup;
			children = (
				2300F909224A4BC4005C55CC /* CoreData */,
				2339D4C3221FFC8B002CC37C /* Protocols */,
				2339D4C0221FFC6F002CC37C /* Models */,
				2378FACB221EF96100C4733E /* ViewControllers */,
				2376668A2219B62400CA3811 /* Extensions */,
				2307FFE8220CB2B1008D351D /* AppDelegate.swift */,
				23766688221995AB00CA3811 /* CustomImageView.swift */,
				2307FFFD220CBC03008D351D /* service.swift */,
				2307FFF2220CB2B3008D351D /* Assets.xcassets */,
				2307FFF4220CB2B3008D351D /* LaunchScreen.storyboard */,
				2307FFF7220CB2B3008D351D /* Info.plist */,
				2307FFEF220CB2B1008D351D /* ChatApp.xcdatamodeld */,
				23945068221718FF0046F60F /* ServicePictures.xcassets */,
			);
			path = ChatApp;
			sourceTree = "<group>";
		};
		23091AB2222EBD1E0088BCFB /* SwiftThemePickerViewController */ = {
			isa = PBXGroup;
			children = (
				23091AB3222EBD470088BCFB /* SThemePickerViewController.swift */,
			);
			path = SwiftThemePickerViewController;
			sourceTree = "<group>";
		};
		2339D4C0221FFC6F002CC37C /* Models */ = {
			isa = PBXGroup;
			children = (
				23BD700A223FC93200530CE5 /* Multipeer */,
				2339D4C1221FFC88002CC37C /* ChatModel.swift */,
				2363FCA022378857004EBEE5 /* Profile.swift */,
				23BD7008223FC2C600530CE5 /* MultipeerMessage.swift */,
				23CA437322577DCF00513C9F /* ThemeModel.swift */,
			);
			path = Models;
			sourceTree = "<group>";
		};
		2339D4C3221FFC8B002CC37C /* Protocols */ = {
			isa = PBXGroup;
			children = (
				23BD7004223FBF7F00530CE5 /* MultipeerConnectivity.swift */,
			);
			path = Protocols;
			sourceTree = "<group>";
		};
		236DFCB422241EB3006DE178 /* MessageBubbleCell */ = {
			isa = PBXGroup;
			children = (
				236DFCB822241EEC006DE178 /* OutcomingMessageBubbleTableViewCell.xib */,
				236DFCBB22243AD9006DE178 /* IncomingMessageBubbleTableViewCell.xib */,
				236DFCB722241EEC006DE178 /* MessageBubbleTableViewCell.swift */,
			);
			path = MessageBubbleCell;
			sourceTree = "<group>";
		};
		2376668A2219B62400CA3811 /* Extensions */ = {
			isa = PBXGroup;
			children = (
				2376668B2219B66B00CA3811 /* ProfileViewController-ImagePickerControllerDelegate.swift */,
				2376668D2219B69900CA3811 /* ProfileViewController-NavigationViewControllerDelegate.swift */,
				23091AB5222EC7110088BCFB /* UserDefaults.swift */,
			);
			path = Extensions;
			sourceTree = "<group>";
		};
		2378FACB221EF96100C4733E /* ViewControllers */ = {
			isa = PBXGroup;
			children = (
				23BD70122241274500530CE5 /* AccessoryView */,
				23091AB2222EBD1E0088BCFB /* SwiftThemePickerViewController */,
				2378FACC221EF97B00C4733E /* ProfileView */,
				2378FACD221EF98900C4733E /* ConversationsListView */,
				23E619C42223D65F00E3D395 /* ChatView */,
				236DFCB422241EB3006DE178 /* MessageBubbleCell */,
				2378FAD2221F090100C4733E /* ConversationCell */,
			);
			path = ViewControllers;
			sourceTree = "<group>";
		};
		2378FACC221EF97B00C4733E /* ProfileView */ = {
			isa = PBXGroup;
			children = (
				2307FFEC220CB2B1008D351D /* ProfileView.storyboard */,
				2307FFEA220CB2B1008D351D /* ProfileViewController.swift */,
			);
			path = ProfileView;
			sourceTree = "<group>";
		};
		2378FACD221EF98900C4733E /* ConversationsListView */ = {
			isa = PBXGroup;
			children = (
				2378FACE221EF9F700C4733E /* ConversationsListViewController.storyboard */,
				2378FAD0221EFA2F00C4733E /* ConversationsListViewController.swift */,
				23091AAF222EB7480088BCFB /* ThemePickerViewControllerDelegate.swift */,
				232D613D2253680100004260 /* DataProvider.swift */,
			);
			path = ConversationsListView;
			sourceTree = "<group>";
		};
		2378FAD2221F090100C4733E /* ConversationCell */ = {
			isa = PBXGroup;
			children = (
				2339D4CF22200C54002CC37C /* ChatTableViewCell.xib */,
				2339D4CA221FFEAB002CC37C /* ChatTableViewCell.swift */,
			);
			path = ConversationCell;
			sourceTree = "<group>";
		};
		23BD700A223FC93200530CE5 /* Multipeer */ = {
			isa = PBXGroup;
			children = (
				23BD7006223FC20000530CE5 /* MultipeerCommunicator.swift */,
				23BD700B223FC94700530CE5 /* CommunicationManager.swift */,
			);
			path = Multipeer;
			sourceTree = "<group>";
		};
		23BD70122241274500530CE5 /* AccessoryView */ = {
			isa = PBXGroup;
			children = (
				23BD70132241275F00530CE5 /* MessageInputAccessory.xib */,
				23BD701522412A4900530CE5 /* MessageInputAccessoryView.swift */,
			);
			path = AccessoryView;
			sourceTree = "<group>";
		};
		23E619C42223D65F00E3D395 /* ChatView */ = {
			isa = PBXGroup;
			children = (
				23E619C72223D68700E3D395 /* ChatView.storyboard */,
				23E619C52223D67D00E3D395 /* ChatViewController.swift */,
			);
			path = ChatView;
			sourceTree = "<group>";
		};
		8D94F74CD17E31F82161F18A /* Frameworks */ = {
			isa = PBXGroup;
			children = (
				99C0772D70415B23462FF8C3 /* Pods_ChatApp.framework */,
			);
			name = Frameworks;
			sourceTree = "<group>";
		};
		B340ED073890A1EBC284B229 /* Pods */ = {
			isa = PBXGroup;
			children = (
				254E4CF629548B8E7EED7ABD /* Pods-ChatApp.debug.xcconfig */,
				30D98CD083678D0E043E7DE9 /* Pods-ChatApp.release.xcconfig */,
			);
			name = Pods;
			sourceTree = "<group>";
		};
/* End PBXGroup section */

/* Begin PBXNativeTarget section */
		2307FFE4220CB2B1008D351D /* ChatApp */ = {
			isa = PBXNativeTarget;
			buildConfigurationList = 2307FFFA220CB2B3008D351D /* Build configuration list for PBXNativeTarget "ChatApp" */;
			buildPhases = (
				5C23C6D0D26A86836868DA13 /* [CP] Check Pods Manifest.lock */,
				2307FFE1220CB2B1008D351D /* Sources */,
				2307FFE2220CB2B1008D351D /* Frameworks */,
				2307FFE3220CB2B1008D351D /* Resources */,
				231AED5322523C8E00C6BC93 /* ShellScript */,
			);
			buildRules = (
			);
			dependencies = (
			);
			name = ChatApp;
			productName = ChatApp;
			productReference = 2307FFE5220CB2B1008D351D /* ChatApp.app */;
			productType = "com.apple.product-type.application";
		};
/* End PBXNativeTarget section */

/* Begin PBXProject section */
		2307FFDD220CB2B1008D351D /* Project object */ = {
			isa = PBXProject;
			attributes = {
				LastSwiftUpdateCheck = 1010;
				LastUpgradeCheck = 1010;
				ORGANIZATIONNAME = "Иван Лебедев";
				TargetAttributes = {
					2307FFE4220CB2B1008D351D = {
						CreatedOnToolsVersion = 10.1;
						LastSwiftMigration = 1010;
					};
				};
			};
			buildConfigurationList = 2307FFE0220CB2B1008D351D /* Build configuration list for PBXProject "ChatApp" */;
			compatibilityVersion = "Xcode 9.3";
			developmentRegion = en;
			hasScannedForEncodings = 0;
			knownRegions = (
				en,
				Base,
			);
			mainGroup = 2307FFDC220CB2B1008D351D;
			productRefGroup = 2307FFE6220CB2B1008D351D /* Products */;
			projectDirPath = "";
			projectRoot = "";
			targets = (
				2307FFE4220CB2B1008D351D /* ChatApp */,
			);
		};
/* End PBXProject section */

/* Begin PBXResourcesBuildPhase section */
		2307FFE3220CB2B1008D351D /* Resources */ = {
			isa = PBXResourcesBuildPhase;
			buildActionMask = 2147483647;
			files = (
				23E619C82223D68700E3D395 /* ChatView.storyboard in Resources */,
				23945069221718FF0046F60F /* ServicePictures.xcassets in Resources */,
				2339D4D022200C54002CC37C /* ChatTableViewCell.xib in Resources */,
				23BD70142241275F00530CE5 /* MessageInputAccessory.xib in Resources */,
				236DFCBC22243AD9006DE178 /* IncomingMessageBubbleTableViewCell.xib in Resources */,
				236DFCBA22241EEC006DE178 /* OutcomingMessageBubbleTableViewCell.xib in Resources */,
				2307FFF6220CB2B3008D351D /* LaunchScreen.storyboard in Resources */,
				2307FFF3220CB2B3008D351D /* Assets.xcassets in Resources */,
				2307FFEE220CB2B1008D351D /* ProfileView.storyboard in Resources */,
				2378FACF221EF9F700C4733E /* ConversationsListViewController.storyboard in Resources */,
			);
			runOnlyForDeploymentPostprocessing = 0;
		};
/* End PBXResourcesBuildPhase section */

/* Begin PBXShellScriptBuildPhase section */
		231AED5322523C8E00C6BC93 /* ShellScript */ = {
			isa = PBXShellScriptBuildPhase;
			buildActionMask = 2147483647;
			files = (
			);
			inputFileListPaths = (
			);
			inputPaths = (
			);
			outputFileListPaths = (
			);
			outputPaths = (
			);
			runOnlyForDeploymentPostprocessing = 0;
			shellPath = /bin/sh;
			shellScript = "# Type a script or drag a script file from your workspace to insert its path.\n\"${PODS_ROOT}/SwiftLint/swiftlint\"\n";
		};
		5C23C6D0D26A86836868DA13 /* [CP] Check Pods Manifest.lock */ = {
			isa = PBXShellScriptBuildPhase;
			buildActionMask = 2147483647;
			files = (
			);
			inputPaths = (
				"${PODS_PODFILE_DIR_PATH}/Podfile.lock",
				"${PODS_ROOT}/Manifest.lock",
			);
			name = "[CP] Check Pods Manifest.lock";
			outputPaths = (
				"$(DERIVED_FILE_DIR)/Pods-ChatApp-checkManifestLockResult.txt",
			);
			runOnlyForDeploymentPostprocessing = 0;
			shellPath = /bin/sh;
			shellScript = "diff \"${PODS_PODFILE_DIR_PATH}/Podfile.lock\" \"${PODS_ROOT}/Manifest.lock\" > /dev/null\nif [ $? != 0 ] ; then\n    # print error to STDERR\n    echo \"error: The sandbox is not in sync with the Podfile.lock. Run 'pod install' or update your CocoaPods installation.\" >&2\n    exit 1\nfi\n# This output is used by Xcode 'outputs' to avoid re-running this script phase.\necho \"SUCCESS\" > \"${SCRIPT_OUTPUT_FILE_0}\"\n";
			showEnvVarsInLog = 0;
		};
/* End PBXShellScriptBuildPhase section */

/* Begin PBXSourcesBuildPhase section */
		2307FFE1220CB2B1008D351D /* Sources */ = {
			isa = PBXSourcesBuildPhase;
			buildActionMask = 2147483647;
			files = (
				2307FFF1220CB2B1008D351D /* ChatApp.xcdatamodeld in Sources */,
				23BD701622412A4900530CE5 /* MessageInputAccessoryView.swift in Sources */,
				23BD700C223FC94700530CE5 /* CommunicationManager.swift in Sources */,
				23091AB0222EB7480088BCFB /* ThemePickerViewControllerDelegate.swift in Sources */,
				232D613C225286C600004260 /* CoreDataExtensions.swift in Sources */,
				2378FAD1221EFA2F00C4733E /* ConversationsListViewController.swift in Sources */,
				2307FFFE220CBC03008D351D /* service.swift in Sources */,
				23BD7009223FC2C600530CE5 /* MultipeerMessage.swift in Sources */,
				236DFCB922241EEC006DE178 /* MessageBubbleTableViewCell.swift in Sources */,
				2307FFEB220CB2B1008D351D /* ProfileViewController.swift in Sources */,
				2339D4CC221FFEAB002CC37C /* ChatTableViewCell.swift in Sources */,
				2376668C2219B66B00CA3811 /* ProfileViewController-ImagePickerControllerDelegate.swift in Sources */,
				23091AB4222EBD470088BCFB /* SThemePickerViewController.swift in Sources */,
				232D613E2253680100004260 /* DataProvider.swift in Sources */,
				23BD7007223FC20000530CE5 /* MultipeerCommunicator.swift in Sources */,
				2307FFE9220CB2B1008D351D /* AppDelegate.swift in Sources */,
				23766689221995AB00CA3811 /* CustomImageView.swift in Sources */,
				23091AB6222EC7110088BCFB /* UserDefaults.swift in Sources */,
				2376668E2219B69900CA3811 /* ProfileViewController-NavigationViewControllerDelegate.swift in Sources */,
				2363FCA122378857004EBEE5 /* Profile.swift in Sources */,
				23E619C62223D67D00E3D395 /* ChatViewController.swift in Sources */,
				2339D4C2221FFC88002CC37C /* ChatModel.swift in Sources */,
				2300F90D224A502F005C55CC /* StorageManager.swift in Sources */,
				23CA437422577DCF00513C9F /* ThemeModel.swift in Sources */,
				23BD7005223FBF7F00530CE5 /* MultipeerConnectivity.swift in Sources */,
				2300F90B224A4BD4005C55CC /* CoreDataStack.swift in Sources */,
			);
			runOnlyForDeploymentPostprocessing = 0;
		};
/* End PBXSourcesBuildPhase section */

/* Begin PBXVariantGroup section */
		2307FFEC220CB2B1008D351D /* ProfileView.storyboard */ = {
			isa = PBXVariantGroup;
			children = (
				2307FFED220CB2B1008D351D /* Base */,
			);
			name = ProfileView.storyboard;
			sourceTree = "<group>";
		};
		2307FFF4220CB2B3008D351D /* LaunchScreen.storyboard */ = {
			isa = PBXVariantGroup;
			children = (
				2307FFF5220CB2B3008D351D /* Base */,
			);
			name = LaunchScreen.storyboard;
			sourceTree = "<group>";
		};
/* End PBXVariantGroup section */

/* Begin XCBuildConfiguration section */
		2307FFF8220CB2B3008D351D /* Debug */ = {
			isa = XCBuildConfiguration;
			buildSettings = {
				ALWAYS_SEARCH_USER_PATHS = NO;
				CLANG_ANALYZER_NONNULL = YES;
				CLANG_ANALYZER_NUMBER_OBJECT_CONVERSION = YES_AGGRESSIVE;
				CLANG_CXX_LANGUAGE_STANDARD = "gnu++14";
				CLANG_CXX_LIBRARY = "libc++";
				CLANG_ENABLE_MODULES = YES;
				CLANG_ENABLE_OBJC_ARC = YES;
				CLANG_ENABLE_OBJC_WEAK = YES;
				CLANG_WARN_BLOCK_CAPTURE_AUTORELEASING = YES;
				CLANG_WARN_BOOL_CONVERSION = YES;
				CLANG_WARN_COMMA = YES;
				CLANG_WARN_CONSTANT_CONVERSION = YES;
				CLANG_WARN_DEPRECATED_OBJC_IMPLEMENTATIONS = YES;
				CLANG_WARN_DIRECT_OBJC_ISA_USAGE = YES_ERROR;
				CLANG_WARN_DOCUMENTATION_COMMENTS = YES;
				CLANG_WARN_EMPTY_BODY = YES;
				CLANG_WARN_ENUM_CONVERSION = YES;
				CLANG_WARN_INFINITE_RECURSION = YES;
				CLANG_WARN_INT_CONVERSION = YES;
				CLANG_WARN_NON_LITERAL_NULL_CONVERSION = YES;
				CLANG_WARN_OBJC_IMPLICIT_RETAIN_SELF = YES;
				CLANG_WARN_OBJC_LITERAL_CONVERSION = YES;
				CLANG_WARN_OBJC_ROOT_CLASS = YES_ERROR;
				CLANG_WARN_RANGE_LOOP_ANALYSIS = YES;
				CLANG_WARN_STRICT_PROTOTYPES = YES;
				CLANG_WARN_SUSPICIOUS_MOVE = YES;
				CLANG_WARN_UNGUARDED_AVAILABILITY = YES_AGGRESSIVE;
				CLANG_WARN_UNREACHABLE_CODE = YES;
				CLANG_WARN__DUPLICATE_METHOD_MATCH = YES;
				CODE_SIGN_IDENTITY = "iPhone Developer";
				COPY_PHASE_STRIP = NO;
				DEBUG_INFORMATION_FORMAT = dwarf;
				ENABLE_STRICT_OBJC_MSGSEND = YES;
				ENABLE_TESTABILITY = YES;
				GCC_C_LANGUAGE_STANDARD = gnu11;
				GCC_DYNAMIC_NO_PIC = NO;
				GCC_NO_COMMON_BLOCKS = YES;
				GCC_OPTIMIZATION_LEVEL = 0;
				GCC_PREPROCESSOR_DEFINITIONS = (
					"DEBUG=1",
					"$(inherited)",
				);
				GCC_WARN_64_TO_32_BIT_CONVERSION = YES;
				GCC_WARN_ABOUT_RETURN_TYPE = YES_ERROR;
				GCC_WARN_UNDECLARED_SELECTOR = YES;
				GCC_WARN_UNINITIALIZED_AUTOS = YES_AGGRESSIVE;
				GCC_WARN_UNUSED_FUNCTION = YES;
				GCC_WARN_UNUSED_VARIABLE = YES;
				IPHONEOS_DEPLOYMENT_TARGET = 12.1;
				MTL_ENABLE_DEBUG_INFO = INCLUDE_SOURCE;
				MTL_FAST_MATH = YES;
				ONLY_ACTIVE_ARCH = YES;
				SDKROOT = iphoneos;
				SWIFT_ACTIVE_COMPILATION_CONDITIONS = DEBUG;
				SWIFT_OPTIMIZATION_LEVEL = "-Onone";
			};
			name = Debug;
		};
		2307FFF9220CB2B3008D351D /* Release */ = {
			isa = XCBuildConfiguration;
			buildSettings = {
				ALWAYS_SEARCH_USER_PATHS = NO;
				CLANG_ANALYZER_NONNULL = YES;
				CLANG_ANALYZER_NUMBER_OBJECT_CONVERSION = YES_AGGRESSIVE;
				CLANG_CXX_LANGUAGE_STANDARD = "gnu++14";
				CLANG_CXX_LIBRARY = "libc++";
				CLANG_ENABLE_MODULES = YES;
				CLANG_ENABLE_OBJC_ARC = YES;
				CLANG_ENABLE_OBJC_WEAK = YES;
				CLANG_WARN_BLOCK_CAPTURE_AUTORELEASING = YES;
				CLANG_WARN_BOOL_CONVERSION = YES;
				CLANG_WARN_COMMA = YES;
				CLANG_WARN_CONSTANT_CONVERSION = YES;
				CLANG_WARN_DEPRECATED_OBJC_IMPLEMENTATIONS = YES;
				CLANG_WARN_DIRECT_OBJC_ISA_USAGE = YES_ERROR;
				CLANG_WARN_DOCUMENTATION_COMMENTS = YES;
				CLANG_WARN_EMPTY_BODY = YES;
				CLANG_WARN_ENUM_CONVERSION = YES;
				CLANG_WARN_INFINITE_RECURSION = YES;
				CLANG_WARN_INT_CONVERSION = YES;
				CLANG_WARN_NON_LITERAL_NULL_CONVERSION = YES;
				CLANG_WARN_OBJC_IMPLICIT_RETAIN_SELF = YES;
				CLANG_WARN_OBJC_LITERAL_CONVERSION = YES;
				CLANG_WARN_OBJC_ROOT_CLASS = YES_ERROR;
				CLANG_WARN_RANGE_LOOP_ANALYSIS = YES;
				CLANG_WARN_STRICT_PROTOTYPES = YES;
				CLANG_WARN_SUSPICIOUS_MOVE = YES;
				CLANG_WARN_UNGUARDED_AVAILABILITY = YES_AGGRESSIVE;
				CLANG_WARN_UNREACHABLE_CODE = YES;
				CLANG_WARN__DUPLICATE_METHOD_MATCH = YES;
				CODE_SIGN_IDENTITY = "iPhone Developer";
				COPY_PHASE_STRIP = NO;
				DEBUG_INFORMATION_FORMAT = "dwarf-with-dsym";
				ENABLE_NS_ASSERTIONS = NO;
				ENABLE_STRICT_OBJC_MSGSEND = YES;
				GCC_C_LANGUAGE_STANDARD = gnu11;
				GCC_NO_COMMON_BLOCKS = YES;
				GCC_WARN_64_TO_32_BIT_CONVERSION = YES;
				GCC_WARN_ABOUT_RETURN_TYPE = YES_ERROR;
				GCC_WARN_UNDECLARED_SELECTOR = YES;
				GCC_WARN_UNINITIALIZED_AUTOS = YES_AGGRESSIVE;
				GCC_WARN_UNUSED_FUNCTION = YES;
				GCC_WARN_UNUSED_VARIABLE = YES;
				IPHONEOS_DEPLOYMENT_TARGET = 12.1;
				MTL_ENABLE_DEBUG_INFO = NO;
				MTL_FAST_MATH = YES;
				SDKROOT = iphoneos;
				SWIFT_COMPILATION_MODE = wholemodule;
				SWIFT_OPTIMIZATION_LEVEL = "-O";
				VALIDATE_PRODUCT = YES;
			};
			name = Release;
		};
		2307FFFB220CB2B3008D351D /* Debug */ = {
			isa = XCBuildConfiguration;
			baseConfigurationReference = 254E4CF629548B8E7EED7ABD /* Pods-ChatApp.debug.xcconfig */;
			buildSettings = {
				ASSETCATALOG_COMPILER_APPICON_NAME = AppIcon;
				CLANG_ENABLE_MODULES = YES;
				CLANG_ENABLE_OBJC_ARC = YES;
				CODE_SIGN_STYLE = Automatic;
				DEVELOPMENT_TEAM = 2AXUA5G5S4;
				INFOPLIST_FILE = ChatApp/Info.plist;
				IPHONEOS_DEPLOYMENT_TARGET = 11.0;
				LD_RUNPATH_SEARCH_PATHS = (
					"$(inherited)",
					"@executable_path/Frameworks",
				);
				PRODUCT_BUNDLE_IDENTIFIER = com.gudleyd.ChatApp;
				PRODUCT_NAME = "$(TARGET_NAME)";
				SWIFT_OBJC_BRIDGING_HEADER = "";
				SWIFT_OPTIMIZATION_LEVEL = "-Onone";
				SWIFT_VERSION = 4.2;
				TARGETED_DEVICE_FAMILY = 1;
			};
			name = Debug;
		};
		2307FFFC220CB2B3008D351D /* Release */ = {
			isa = XCBuildConfiguration;
			baseConfigurationReference = 30D98CD083678D0E043E7DE9 /* Pods-ChatApp.release.xcconfig */;
			buildSettings = {
				ASSETCATALOG_COMPILER_APPICON_NAME = AppIcon;
				CLANG_ENABLE_MODULES = YES;
				CLANG_ENABLE_OBJC_ARC = YES;
				CODE_SIGN_STYLE = Automatic;
				DEVELOPMENT_TEAM = 2AXUA5G5S4;
				INFOPLIST_FILE = ChatApp/Info.plist;
				IPHONEOS_DEPLOYMENT_TARGET = 11.0;
				LD_RUNPATH_SEARCH_PATHS = (
					"$(inherited)",
					"@executable_path/Frameworks",
				);
				PRODUCT_BUNDLE_IDENTIFIER = com.gudleyd.ChatApp;
				PRODUCT_NAME = "$(TARGET_NAME)";
				SWIFT_OBJC_BRIDGING_HEADER = "";
				SWIFT_VERSION = 4.2;
				TARGETED_DEVICE_FAMILY = 1;
			};
			name = Release;
		};
/* End XCBuildConfiguration section */

/* Begin XCConfigurationList section */
		2307FFE0220CB2B1008D351D /* Build configuration list for PBXProject "ChatApp" */ = {
			isa = XCConfigurationList;
			buildConfigurations = (
				2307FFF8220CB2B3008D351D /* Debug */,
				2307FFF9220CB2B3008D351D /* Release */,
			);
			defaultConfigurationIsVisible = 0;
			defaultConfigurationName = Release;
		};
		2307FFFA220CB2B3008D351D /* Build configuration list for PBXNativeTarget "ChatApp" */ = {
			isa = XCConfigurationList;
			buildConfigurations = (
				2307FFFB220CB2B3008D351D /* Debug */,
				2307FFFC220CB2B3008D351D /* Release */,
			);
			defaultConfigurationIsVisible = 0;
			defaultConfigurationName = Release;
		};
/* End XCConfigurationList section */

/* Begin XCVersionGroup section */
		2307FFEF220CB2B1008D351D /* ChatApp.xcdatamodeld */ = {
			isa = XCVersionGroup;
			children = (
				2307FFF0220CB2B1008D351D /* ChatApp.xcdatamodel */,
			);
			currentVersion = 2307FFF0220CB2B1008D351D /* ChatApp.xcdatamodel */;
			path = ChatApp.xcdatamodeld;
			sourceTree = "<group>";
			versionGroupType = wrapper.xcdatamodel;
		};
/* End XCVersionGroup section */
	};
	rootObject = 2307FFDD220CB2B1008D351D /* Project object */;
}
