// !$*UTF8*$!
{
	archiveVersion = 1;
	classes = {
	};
	objectVersion = 50;
	objects = {

/* Begin PBXBuildFile section */
		2300F90B224A4BD4005C55CC /* CoreDataStack.swift in Sources */ = {isa = PBXBuildFile; fileRef = 2300F90A224A4BD4005C55CC /* CoreDataStack.swift */; };
		2300F90D224A502F005C55CC /* StorageManager.swift in Sources */ = {isa = PBXBuildFile; fileRef = 2300F90C224A502F005C55CC /* StorageManager.swift */; };
		2307FFE9220CB2B1008D351D /* AppDelegate.swift in Sources */ = {isa = PBXBuildFile; fileRef = 2307FFE8220CB2B1008D351D /* AppDelegate.swift */; };
		2307FFEB220CB2B1008D351D /* ProfileViewController.swift in Sources */ = {isa = PBXBuildFile; fileRef = 2307FFEA220CB2B1008D351D /* ProfileViewController.swift */; };
		2307FFEE220CB2B1008D351D /* ProfileView.storyboard in Resources */ = {isa = PBXBuildFile; fileRef = 2307FFEC220CB2B1008D351D /* ProfileView.storyboard */; };
		2307FFF1220CB2B1008D351D /* ChatApp.xcdatamodeld in Sources */ = {isa = PBXBuildFile; fileRef = 2307FFEF220CB2B1008D351D /* ChatApp.xcdatamodeld */; };
		2307FFF3220CB2B3008D351D /* Assets.xcassets in Resources */ = {isa = PBXBuildFile; fileRef = 2307FFF2220CB2B3008D351D /* Assets.xcassets */; };
		2307FFF6220CB2B3008D351D /* LaunchScreen.storyboard in Resources */ = {isa = PBXBuildFile; fileRef = 2307FFF4220CB2B3008D351D /* LaunchScreen.storyboard */; };
		2307FFFE220CBC03008D351D /* service.swift in Sources */ = {isa = PBXBuildFile; fileRef = 2307FFFD220CBC03008D351D /* service.swift */; };
		23091AB0222EB7480088BCFB /* ThemePickerViewControllerDelegate.swift in Sources */ = {isa = PBXBuildFile; fileRef = 23091AAF222EB7480088BCFB /* ThemePickerViewControllerDelegate.swift */; };
		23091AB4222EBD470088BCFB /* SThemePickerViewController.swift in Sources */ = {isa = PBXBuildFile; fileRef = 23091AB3222EBD470088BCFB /* SThemePickerViewController.swift */; };
		23091AB6222EC7110088BCFB /* UserDefaults.swift in Sources */ = {isa = PBXBuildFile; fileRef = 23091AB5222EC7110088BCFB /* UserDefaults.swift */; };
		231CC44C22673AE30099B609 /* Protocols.swift in Sources */ = {isa = PBXBuildFile; fileRef = 231CC44B22673AE30099B609 /* Protocols.swift */; };
		23263E1A225E65AE00F63730 /* StorageService.swift in Sources */ = {isa = PBXBuildFile; fileRef = 23263E19225E65AE00F63730 /* StorageService.swift */; };
		23263E1C225E694800F63730 /* CommunicatorService.swift in Sources */ = {isa = PBXBuildFile; fileRef = 23263E1B225E694800F63730 /* CommunicatorService.swift */; };
		23275353225E14F1008637A5 /* ConversationsListModel.swift in Sources */ = {isa = PBXBuildFile; fileRef = 23275352225E14F1008637A5 /* ConversationsListModel.swift */; };
		23275356225E1649008637A5 /* ConversationViewModel.swift in Sources */ = {isa = PBXBuildFile; fileRef = 23275355225E1649008637A5 /* ConversationViewModel.swift */; };
		23275358225E1B37008637A5 /* PhotoService.swift in Sources */ = {isa = PBXBuildFile; fileRef = 23275357225E1B37008637A5 /* PhotoService.swift */; };
		2327535B225E1F8E008637A5 /* ProfileViewModel.swift in Sources */ = {isa = PBXBuildFile; fileRef = 2327535A225E1F8E008637A5 /* ProfileViewModel.swift */; };
		232D613C225286C600004260 /* CoreDataExtensions.swift in Sources */ = {isa = PBXBuildFile; fileRef = 232D613B225286C600004260 /* CoreDataExtensions.swift */; };
		232D613E2253680100004260 /* DataProvider.swift in Sources */ = {isa = PBXBuildFile; fileRef = 232D613D2253680100004260 /* DataProvider.swift */; };
		2339D4C2221FFC88002CC37C /* ChatModel.swift in Sources */ = {isa = PBXBuildFile; fileRef = 2339D4C1221FFC88002CC37C /* ChatModel.swift */; };
		2339D4CC221FFEAB002CC37C /* ChatTableViewCell.swift in Sources */ = {isa = PBXBuildFile; fileRef = 2339D4CA221FFEAB002CC37C /* ChatTableViewCell.swift */; };
		2339D4D022200C54002CC37C /* ChatTableViewCell.xib in Resources */ = {isa = PBXBuildFile; fileRef = 2339D4CF22200C54002CC37C /* ChatTableViewCell.xib */; };
		2359B0652264E4B7008FED2F /* InternetGallery.storyboard in Resources */ = {isa = PBXBuildFile; fileRef = 2359B0642264E4B7008FED2F /* InternetGallery.storyboard */; };
		2359B0672264E4CC008FED2F /* InternetGalleryViewController.swift in Sources */ = {isa = PBXBuildFile; fileRef = 2359B0662264E4CC008FED2F /* InternetGalleryViewController.swift */; };
		2359B06A2264F374008FED2F /* Network.swift in Sources */ = {isa = PBXBuildFile; fileRef = 2359B0692264F374008FED2F /* Network.swift */; };
		2359B06C2264F6FF008FED2F /* Requests.swift in Sources */ = {isa = PBXBuildFile; fileRef = 2359B06B2264F6FF008FED2F /* Requests.swift */; };
		2359B06F22651E37008FED2F /* PixbayParsers.swift in Sources */ = {isa = PBXBuildFile; fileRef = 2359B06E22651E37008FED2F /* PixbayParsers.swift */; };
		2359B0722265FC12008FED2F /* NetworkService.swift in Sources */ = {isa = PBXBuildFile; fileRef = 2359B0712265FC12008FED2F /* NetworkService.swift */; };
		2359B07522660388008FED2F /* InternetGalleryModel.swift in Sources */ = {isa = PBXBuildFile; fileRef = 2359B07422660388008FED2F /* InternetGalleryModel.swift */; };
		2359B07822660888008FED2F /* InternetGallery+CollectionViewDelegate.swift in Sources */ = {isa = PBXBuildFile; fileRef = 2359B07722660888008FED2F /* InternetGallery+CollectionViewDelegate.swift */; };
		2359B07A226608AF008FED2F /* InternetGallery+CollectionViewDataSource.swift in Sources */ = {isa = PBXBuildFile; fileRef = 2359B079226608AF008FED2F /* InternetGallery+CollectionViewDataSource.swift */; };
		2359B07D226628D7008FED2F /* ImageCell.swift in Sources */ = {isa = PBXBuildFile; fileRef = 2359B07C226628D7008FED2F /* ImageCell.swift */; };
		2359B07F22662EE9008FED2F /* CustomLayout.swift in Sources */ = {isa = PBXBuildFile; fileRef = 2359B07E22662EE9008FED2F /* CustomLayout.swift */; };
		2359B081226645F2008FED2F /* ProfileView+IPBPictureHasChosenDelegate.swift in Sources */ = {isa = PBXBuildFile; fileRef = 2359B080226645F2008FED2F /* ProfileView+IPBPictureHasChosenDelegate.swift */; };
		2363FCA122378857004EBEE5 /* Profile.swift in Sources */ = {isa = PBXBuildFile; fileRef = 2363FCA022378857004EBEE5 /* Profile.swift */; };
		2367F637225DE345001D1115 /* CommunicationManager.swift in Sources */ = {isa = PBXBuildFile; fileRef = 2367F636225DE345001D1115 /* CommunicationManager.swift */; };
		2367F639225DE35E001D1115 /* MultipeerCommunicator.swift in Sources */ = {isa = PBXBuildFile; fileRef = 2367F638225DE35E001D1115 /* MultipeerCommunicator.swift */; };
		2367F63C225DE3DF001D1115 /* ConversationList+TableViewDelegate.swift in Sources */ = {isa = PBXBuildFile; fileRef = 2367F63B225DE3DF001D1115 /* ConversationList+TableViewDelegate.swift */; };
		2367F63E225DE418001D1115 /* ConversationsList+TableViewDataSource.swift in Sources */ = {isa = PBXBuildFile; fileRef = 2367F63D225DE418001D1115 /* ConversationsList+TableViewDataSource.swift */; };
		2367F640225DE46E001D1115 /* ConversationsList+FRCDelegate.swift in Sources */ = {isa = PBXBuildFile; fileRef = 2367F63F225DE46E001D1115 /* ConversationsList+FRCDelegate.swift */; };
		2367F643225DE5B8001D1115 /* ConversationView+TableViewDelegate.swift in Sources */ = {isa = PBXBuildFile; fileRef = 2367F642225DE5B8001D1115 /* ConversationView+TableViewDelegate.swift */; };
		2367F645225DE5EF001D1115 /* ConversationView+FRCDelegate.swift in Sources */ = {isa = PBXBuildFile; fileRef = 2367F644225DE5EF001D1115 /* ConversationView+FRCDelegate.swift */; };
		2367F647225DE620001D1115 /* ConversationView+MessageInput.swift in Sources */ = {isa = PBXBuildFile; fileRef = 2367F646225DE620001D1115 /* ConversationView+MessageInput.swift */; };
		2367F649225DE648001D1115 /* ConversationView+TableViewDataSource.swift in Sources */ = {isa = PBXBuildFile; fileRef = 2367F648225DE648001D1115 /* ConversationView+TableViewDataSource.swift */; };
		2367F64E225DE9A9001D1115 /* PresentationAssembly.swift in Sources */ = {isa = PBXBuildFile; fileRef = 2367F64D225DE9A9001D1115 /* PresentationAssembly.swift */; };
		2367F651225DEA92001D1115 /* ServiceAssembly.swift in Sources */ = {isa = PBXBuildFile; fileRef = 2367F650225DEA92001D1115 /* ServiceAssembly.swift */; };
		2367F654225DEC39001D1115 /* CoreAssembly.swift in Sources */ = {isa = PBXBuildFile; fileRef = 2367F653225DEC39001D1115 /* CoreAssembly.swift */; };
		2367F657225E001D001D1115 /* MainAssembly.swift in Sources */ = {isa = PBXBuildFile; fileRef = 2367F656225E001D001D1115 /* MainAssembly.swift */; };
		236DFCB922241EEC006DE178 /* MessageBubbleTableViewCell.swift in Sources */ = {isa = PBXBuildFile; fileRef = 236DFCB722241EEC006DE178 /* MessageBubbleTableViewCell.swift */; };
		236DFCBA22241EEC006DE178 /* OutcomingMessageBubbleTableViewCell.xib in Resources */ = {isa = PBXBuildFile; fileRef = 236DFCB822241EEC006DE178 /* OutcomingMessageBubbleTableViewCell.xib */; };
		236DFCBC22243AD9006DE178 /* IncomingMessageBubbleTableViewCell.xib in Resources */ = {isa = PBXBuildFile; fileRef = 236DFCBB22243AD9006DE178 /* IncomingMessageBubbleTableViewCell.xib */; };
		23766689221995AB00CA3811 /* CustomImageView.swift in Sources */ = {isa = PBXBuildFile; fileRef = 23766688221995AB00CA3811 /* CustomImageView.swift */; };
		2376668C2219B66B00CA3811 /* ProfileViewController-ImagePickerControllerDelegate.swift in Sources */ = {isa = PBXBuildFile; fileRef = 2376668B2219B66B00CA3811 /* ProfileViewController-ImagePickerControllerDelegate.swift */; };
		2376668E2219B69900CA3811 /* ProfileViewController-NavigationViewControllerDelegate.swift in Sources */ = {isa = PBXBuildFile; fileRef = 2376668D2219B69900CA3811 /* ProfileViewController-NavigationViewControllerDelegate.swift */; };
		2378FACF221EF9F700C4733E /* ConversationsListViewController.storyboard in Resources */ = {isa = PBXBuildFile; fileRef = 2378FACE221EF9F700C4733E /* ConversationsListViewController.storyboard */; };
		2378FAD1221EFA2F00C4733E /* ConversationsListViewController.swift in Sources */ = {isa = PBXBuildFile; fileRef = 2378FAD0221EFA2F00C4733E /* ConversationsListViewController.swift */; };
		23945069221718FF0046F60F /* ServicePictures.xcassets in Resources */ = {isa = PBXBuildFile; fileRef = 23945068221718FF0046F60F /* ServicePictures.xcassets */; };
		23BD7009223FC2C600530CE5 /* MultipeerMessage.swift in Sources */ = {isa = PBXBuildFile; fileRef = 23BD7008223FC2C600530CE5 /* MultipeerMessage.swift */; };
		23BD70142241275F00530CE5 /* MessageInputAccessory.xib in Resources */ = {isa = PBXBuildFile; fileRef = 23BD70132241275F00530CE5 /* MessageInputAccessory.xib */; };
		23BD701622412A4900530CE5 /* MessageInputAccessoryView.swift in Sources */ = {isa = PBXBuildFile; fileRef = 23BD701522412A4900530CE5 /* MessageInputAccessoryView.swift */; };
		23CA437422577DCF00513C9F /* ThemeModel.swift in Sources */ = {isa = PBXBuildFile; fileRef = 23CA437322577DCF00513C9F /* ThemeModel.swift */; };
		23E619C62223D67D00E3D395 /* ConversationViewController.swift in Sources */ = {isa = PBXBuildFile; fileRef = 23E619C52223D67D00E3D395 /* ConversationViewController.swift */; };
		23E619C82223D68700E3D395 /* ChatView.storyboard in Resources */ = {isa = PBXBuildFile; fileRef = 23E619C72223D68700E3D395 /* ChatView.storyboard */; };
		58801E04AC65351AD39CF1C3 /* Pods_ChatApp.framework in Frameworks */ = {isa = PBXBuildFile; fileRef = 99C0772D70415B23462FF8C3 /* Pods_ChatApp.framework */; };
/* End PBXBuildFile section */

/* Begin PBXFileReference section */
		2300F90A224A4BD4005C55CC /* CoreDataStack.swift */ = {isa = PBXFileReference; lastKnownFileType = sourcecode.swift; path = CoreDataStack.swift; sourceTree = "<group>"; };
		2300F90C224A502F005C55CC /* StorageManager.swift */ = {isa = PBXFileReference; lastKnownFileType = sourcecode.swift; path = StorageManager.swift; sourceTree = "<group>"; };
		2307FFE5220CB2B1008D351D /* ChatApp.app */ = {isa = PBXFileReference; explicitFileType = wrapper.application; includeInIndex = 0; path = ChatApp.app; sourceTree = BUILT_PRODUCTS_DIR; };
		2307FFE8220CB2B1008D351D /* AppDelegate.swift */ = {isa = PBXFileReference; lastKnownFileType = sourcecode.swift; path = AppDelegate.swift; sourceTree = "<group>"; };
		2307FFEA220CB2B1008D351D /* ProfileViewController.swift */ = {isa = PBXFileReference; lastKnownFileType = sourcecode.swift; path = ProfileViewController.swift; sourceTree = "<group>"; };
		2307FFED220CB2B1008D351D /* Base */ = {isa = PBXFileReference; lastKnownFileType = file.storyboard; name = Base; path = Base.lproj/ProfileView.storyboard; sourceTree = "<group>"; };
		2307FFF0220CB2B1008D351D /* ChatApp.xcdatamodel */ = {isa = PBXFileReference; lastKnownFileType = wrapper.xcdatamodel; path = ChatApp.xcdatamodel; sourceTree = "<group>"; };
		2307FFF2220CB2B3008D351D /* Assets.xcassets */ = {isa = PBXFileReference; lastKnownFileType = folder.assetcatalog; path = Assets.xcassets; sourceTree = "<group>"; };
		2307FFF5220CB2B3008D351D /* Base */ = {isa = PBXFileReference; lastKnownFileType = file.storyboard; name = Base; path = Base.lproj/LaunchScreen.storyboard; sourceTree = "<group>"; };
		2307FFF7220CB2B3008D351D /* Info.plist */ = {isa = PBXFileReference; lastKnownFileType = text.plist.xml; path = Info.plist; sourceTree = "<group>"; };
		2307FFFD220CBC03008D351D /* service.swift */ = {isa = PBXFileReference; lastKnownFileType = sourcecode.swift; path = service.swift; sourceTree = "<group>"; };
		23091AAF222EB7480088BCFB /* ThemePickerViewControllerDelegate.swift */ = {isa = PBXFileReference; lastKnownFileType = sourcecode.swift; path = ThemePickerViewControllerDelegate.swift; sourceTree = "<group>"; };
		23091AB3222EBD470088BCFB /* SThemePickerViewController.swift */ = {isa = PBXFileReference; lastKnownFileType = sourcecode.swift; path = SThemePickerViewController.swift; sourceTree = "<group>"; };
		23091AB5222EC7110088BCFB /* UserDefaults.swift */ = {isa = PBXFileReference; lastKnownFileType = sourcecode.swift; path = UserDefaults.swift; sourceTree = "<group>"; };
		231CC44B22673AE30099B609 /* Protocols.swift */ = {isa = PBXFileReference; lastKnownFileType = sourcecode.swift; path = Protocols.swift; sourceTree = "<group>"; };
		23263E19225E65AE00F63730 /* StorageService.swift */ = {isa = PBXFileReference; lastKnownFileType = sourcecode.swift; path = StorageService.swift; sourceTree = "<group>"; };
		23263E1B225E694800F63730 /* CommunicatorService.swift */ = {isa = PBXFileReference; lastKnownFileType = sourcecode.swift; path = CommunicatorService.swift; sourceTree = "<group>"; };
		23275352225E14F1008637A5 /* ConversationsListModel.swift */ = {isa = PBXFileReference; lastKnownFileType = sourcecode.swift; path = ConversationsListModel.swift; sourceTree = "<group>"; };
		23275355225E1649008637A5 /* ConversationViewModel.swift */ = {isa = PBXFileReference; lastKnownFileType = sourcecode.swift; path = ConversationViewModel.swift; sourceTree = "<group>"; };
		23275357225E1B37008637A5 /* PhotoService.swift */ = {isa = PBXFileReference; lastKnownFileType = sourcecode.swift; path = PhotoService.swift; sourceTree = "<group>"; };
		2327535A225E1F8E008637A5 /* ProfileViewModel.swift */ = {isa = PBXFileReference; lastKnownFileType = sourcecode.swift; path = ProfileViewModel.swift; sourceTree = "<group>"; };
		232D613B225286C600004260 /* CoreDataExtensions.swift */ = {isa = PBXFileReference; lastKnownFileType = sourcecode.swift; path = CoreDataExtensions.swift; sourceTree = "<group>"; };
		232D613D2253680100004260 /* DataProvider.swift */ = {isa = PBXFileReference; lastKnownFileType = sourcecode.swift; path = DataProvider.swift; sourceTree = "<group>"; };
		2339D4C1221FFC88002CC37C /* ChatModel.swift */ = {isa = PBXFileReference; lastKnownFileType = sourcecode.swift; path = ChatModel.swift; sourceTree = "<group>"; };
		2339D4CA221FFEAB002CC37C /* ChatTableViewCell.swift */ = {isa = PBXFileReference; lastKnownFileType = sourcecode.swift; path = ChatTableViewCell.swift; sourceTree = "<group>"; };
		2339D4CF22200C54002CC37C /* ChatTableViewCell.xib */ = {isa = PBXFileReference; lastKnownFileType = file.xib; path = ChatTableViewCell.xib; sourceTree = "<group>"; };
		2359B0642264E4B7008FED2F /* InternetGallery.storyboard */ = {isa = PBXFileReference; lastKnownFileType = file.storyboard; path = InternetGallery.storyboard; sourceTree = "<group>"; };
		2359B0662264E4CC008FED2F /* InternetGalleryViewController.swift */ = {isa = PBXFileReference; lastKnownFileType = sourcecode.swift; path = InternetGalleryViewController.swift; sourceTree = "<group>"; };
		2359B0692264F374008FED2F /* Network.swift */ = {isa = PBXFileReference; lastKnownFileType = sourcecode.swift; path = Network.swift; sourceTree = "<group>"; };
		2359B06B2264F6FF008FED2F /* Requests.swift */ = {isa = PBXFileReference; lastKnownFileType = sourcecode.swift; path = Requests.swift; sourceTree = "<group>"; };
		2359B06E22651E37008FED2F /* PixbayParsers.swift */ = {isa = PBXFileReference; lastKnownFileType = sourcecode.swift; path = PixbayParsers.swift; sourceTree = "<group>"; };
		2359B0712265FC12008FED2F /* NetworkService.swift */ = {isa = PBXFileReference; lastKnownFileType = sourcecode.swift; path = NetworkService.swift; sourceTree = "<group>"; };
		2359B07422660388008FED2F /* InternetGalleryModel.swift */ = {isa = PBXFileReference; lastKnownFileType = sourcecode.swift; path = InternetGalleryModel.swift; sourceTree = "<group>"; };
		2359B07722660888008FED2F /* InternetGallery+CollectionViewDelegate.swift */ = {isa = PBXFileReference; lastKnownFileType = sourcecode.swift; path = "InternetGallery+CollectionViewDelegate.swift"; sourceTree = "<group>"; };
		2359B079226608AF008FED2F /* InternetGallery+CollectionViewDataSource.swift */ = {isa = PBXFileReference; lastKnownFileType = sourcecode.swift; path = "InternetGallery+CollectionViewDataSource.swift"; sourceTree = "<group>"; };
		2359B07C226628D7008FED2F /* ImageCell.swift */ = {isa = PBXFileReference; lastKnownFileType = sourcecode.swift; path = ImageCell.swift; sourceTree = "<group>"; };
		2359B07E22662EE9008FED2F /* CustomLayout.swift */ = {isa = PBXFileReference; lastKnownFileType = sourcecode.swift; path = CustomLayout.swift; sourceTree = "<group>"; };
		2359B080226645F2008FED2F /* ProfileView+IPBPictureHasChosenDelegate.swift */ = {isa = PBXFileReference; lastKnownFileType = sourcecode.swift; path = "ProfileView+IPBPictureHasChosenDelegate.swift"; sourceTree = "<group>"; };
		2363FCA022378857004EBEE5 /* Profile.swift */ = {isa = PBXFileReference; lastKnownFileType = sourcecode.swift; path = Profile.swift; sourceTree = "<group>"; };
		2367F636225DE345001D1115 /* CommunicationManager.swift */ = {isa = PBXFileReference; lastKnownFileType = sourcecode.swift; path = CommunicationManager.swift; sourceTree = "<group>"; };
		2367F638225DE35E001D1115 /* MultipeerCommunicator.swift */ = {isa = PBXFileReference; lastKnownFileType = sourcecode.swift; path = MultipeerCommunicator.swift; sourceTree = "<group>"; };
		2367F63B225DE3DF001D1115 /* ConversationList+TableViewDelegate.swift */ = {isa = PBXFileReference; lastKnownFileType = sourcecode.swift; path = "ConversationList+TableViewDelegate.swift"; sourceTree = "<group>"; };
		2367F63D225DE418001D1115 /* ConversationsList+TableViewDataSource.swift */ = {isa = PBXFileReference; lastKnownFileType = sourcecode.swift; path = "ConversationsList+TableViewDataSource.swift"; sourceTree = "<group>"; };
		2367F63F225DE46E001D1115 /* ConversationsList+FRCDelegate.swift */ = {isa = PBXFileReference; lastKnownFileType = sourcecode.swift; path = "ConversationsList+FRCDelegate.swift"; sourceTree = "<group>"; };
		2367F642225DE5B8001D1115 /* ConversationView+TableViewDelegate.swift */ = {isa = PBXFileReference; lastKnownFileType = sourcecode.swift; path = "ConversationView+TableViewDelegate.swift"; sourceTree = "<group>"; };
		2367F644225DE5EF001D1115 /* ConversationView+FRCDelegate.swift */ = {isa = PBXFileReference; lastKnownFileType = sourcecode.swift; path = "ConversationView+FRCDelegate.swift"; sourceTree = "<group>"; };
		2367F646225DE620001D1115 /* ConversationView+MessageInput.swift */ = {isa = PBXFileReference; lastKnownFileType = sourcecode.swift; path = "ConversationView+MessageInput.swift"; sourceTree = "<group>"; };
		2367F648225DE648001D1115 /* ConversationView+TableViewDataSource.swift */ = {isa = PBXFileReference; lastKnownFileType = sourcecode.swift; path = "ConversationView+TableViewDataSource.swift"; sourceTree = "<group>"; };
		2367F64D225DE9A9001D1115 /* PresentationAssembly.swift */ = {isa = PBXFileReference; lastKnownFileType = sourcecode.swift; path = PresentationAssembly.swift; sourceTree = "<group>"; };
		2367F650225DEA92001D1115 /* ServiceAssembly.swift */ = {isa = PBXFileReference; lastKnownFileType = sourcecode.swift; path = ServiceAssembly.swift; sourceTree = "<group>"; };
		2367F653225DEC39001D1115 /* CoreAssembly.swift */ = {isa = PBXFileReference; lastKnownFileType = sourcecode.swift; path = CoreAssembly.swift; sourceTree = "<group>"; };
		2367F656225E001D001D1115 /* MainAssembly.swift */ = {isa = PBXFileReference; lastKnownFileType = sourcecode.swift; path = MainAssembly.swift; sourceTree = "<group>"; };
		236DFCB722241EEC006DE178 /* MessageBubbleTableViewCell.swift */ = {isa = PBXFileReference; lastKnownFileType = sourcecode.swift; path = MessageBubbleTableViewCell.swift; sourceTree = "<group>"; };
		236DFCB822241EEC006DE178 /* OutcomingMessageBubbleTableViewCell.xib */ = {isa = PBXFileReference; lastKnownFileType = file.xib; path = OutcomingMessageBubbleTableViewCell.xib; sourceTree = "<group>"; };
		236DFCBB22243AD9006DE178 /* IncomingMessageBubbleTableViewCell.xib */ = {isa = PBXFileReference; lastKnownFileType = file.xib; path = IncomingMessageBubbleTableViewCell.xib; sourceTree = "<group>"; };
		23766688221995AB00CA3811 /* CustomImageView.swift */ = {isa = PBXFileReference; lastKnownFileType = sourcecode.swift; path = CustomImageView.swift; sourceTree = "<group>"; };
		2376668B2219B66B00CA3811 /* ProfileViewController-ImagePickerControllerDelegate.swift */ = {isa = PBXFileReference; lastKnownFileType = sourcecode.swift; path = "ProfileViewController-ImagePickerControllerDelegate.swift"; sourceTree = "<group>"; };
		2376668D2219B69900CA3811 /* ProfileViewController-NavigationViewControllerDelegate.swift */ = {isa = PBXFileReference; lastKnownFileType = sourcecode.swift; path = "ProfileViewController-NavigationViewControllerDelegate.swift"; sourceTree = "<group>"; };
		2378FACE221EF9F700C4733E /* ConversationsListViewController.storyboard */ = {isa = PBXFileReference; lastKnownFileType = file.storyboard; path = ConversationsListViewController.storyboard; sourceTree = "<group>"; };
		2378FAD0221EFA2F00C4733E /* ConversationsListViewController.swift */ = {isa = PBXFileReference; lastKnownFileType = sourcecode.swift; path = ConversationsListViewController.swift; sourceTree = "<group>"; };
		23945068221718FF0046F60F /* ServicePictures.xcassets */ = {isa = PBXFileReference; lastKnownFileType = folder.assetcatalog; path = ServicePictures.xcassets; sourceTree = "<group>"; };
		23BD7008223FC2C600530CE5 /* MultipeerMessage.swift */ = {isa = PBXFileReference; lastKnownFileType = sourcecode.swift; path = MultipeerMessage.swift; sourceTree = "<group>"; };
		23BD70132241275F00530CE5 /* MessageInputAccessory.xib */ = {isa = PBXFileReference; lastKnownFileType = file.xib; path = MessageInputAccessory.xib; sourceTree = "<group>"; };
		23BD701522412A4900530CE5 /* MessageInputAccessoryView.swift */ = {isa = PBXFileReference; lastKnownFileType = sourcecode.swift; path = MessageInputAccessoryView.swift; sourceTree = "<group>"; };
		23CA437322577DCF00513C9F /* ThemeModel.swift */ = {isa = PBXFileReference; lastKnownFileType = sourcecode.swift; path = ThemeModel.swift; sourceTree = "<group>"; };
		23E619C52223D67D00E3D395 /* ConversationViewController.swift */ = {isa = PBXFileReference; lastKnownFileType = sourcecode.swift; path = ConversationViewController.swift; sourceTree = "<group>"; };
		23E619C72223D68700E3D395 /* ChatView.storyboard */ = {isa = PBXFileReference; lastKnownFileType = file.storyboard; path = ChatView.storyboard; sourceTree = "<group>"; };
		254E4CF629548B8E7EED7ABD /* Pods-ChatApp.debug.xcconfig */ = {isa = PBXFileReference; includeInIndex = 1; lastKnownFileType = text.xcconfig; name = "Pods-ChatApp.debug.xcconfig"; path = "Pods/Target Support Files/Pods-ChatApp/Pods-ChatApp.debug.xcconfig"; sourceTree = "<group>"; };
		30D98CD083678D0E043E7DE9 /* Pods-ChatApp.release.xcconfig */ = {isa = PBXFileReference; includeInIndex = 1; lastKnownFileType = text.xcconfig; name = "Pods-ChatApp.release.xcconfig"; path = "Pods/Target Support Files/Pods-ChatApp/Pods-ChatApp.release.xcconfig"; sourceTree = "<group>"; };
		99C0772D70415B23462FF8C3 /* Pods_ChatApp.framework */ = {isa = PBXFileReference; explicitFileType = wrapper.framework; includeInIndex = 0; path = Pods_ChatApp.framework; sourceTree = BUILT_PRODUCTS_DIR; };
/* End PBXFileReference section */

/* Begin PBXFrameworksBuildPhase section */
		2307FFE2220CB2B1008D351D /* Frameworks */ = {
			isa = PBXFrameworksBuildPhase;
			buildActionMask = 2147483647;
			files = (
				58801E04AC65351AD39CF1C3 /* Pods_ChatApp.framework in Frameworks */,
			);
			runOnlyForDeploymentPostprocessing = 0;
		};
/* End PBXFrameworksBuildPhase section */

/* Begin PBXGroup section */
		2300F909224A4BC4005C55CC /* CoreData */ = {
			isa = PBXGroup;
			children = (
				2300F90A224A4BD4005C55CC /* CoreDataStack.swift */,
				2300F90C224A502F005C55CC /* StorageManager.swift */,
				232D613B225286C600004260 /* CoreDataExtensions.swift */,
			);
			path = CoreData;
			sourceTree = "<group>";
		};
		2307FFDC220CB2B1008D351D = {
			isa = PBXGroup;
			children = (
				2307FFE7220CB2B1008D351D /* ChatApp */,
				2307FFE6220CB2B1008D351D /* Products */,
				B340ED073890A1EBC284B229 /* Pods */,
				8D94F74CD17E31F82161F18A /* Frameworks */,
			);
			sourceTree = "<group>";
		};
		2307FFE6220CB2B1008D351D /* Products */ = {
			isa = PBXGroup;
			children = (
				2307FFE5220CB2B1008D351D /* ChatApp.app */,
			);
			name = Products;
			sourceTree = "<group>";
		};
		2307FFE7220CB2B1008D351D /* ChatApp */ = {
			isa = PBXGroup;
			children = (
				2367F655225E000F001D1115 /* MainAssembly */,
				2367F62B225D2E25001D1115 /* Core */,
				2367F62E225DD7B0001D1115 /* Presentation */,
				2367F64B225DE78A001D1115 /* Services */,
				2376668A2219B62400CA3811 /* ServiceHelpers */,
				2307FFE8220CB2B1008D351D /* AppDelegate.swift */,
				2307FFF2220CB2B3008D351D /* Assets.xcassets */,
				2307FFF4220CB2B3008D351D /* LaunchScreen.storyboard */,
				2307FFF7220CB2B3008D351D /* Info.plist */,
				2307FFEF220CB2B1008D351D /* ChatApp.xcdatamodeld */,
				23945068221718FF0046F60F /* ServicePictures.xcassets */,
			);
			path = ChatApp;
			sourceTree = "<group>";
		};
		23091AB2222EBD1E0088BCFB /* SwiftThemePickerView */ = {
			isa = PBXGroup;
			children = (
				23091AB3222EBD470088BCFB /* SThemePickerViewController.swift */,
			);
			path = SwiftThemePickerView;
			sourceTree = "<group>";
		};
		23275351225E14DE008637A5 /* Model */ = {
			isa = PBXGroup;
			children = (
				23275352225E14F1008637A5 /* ConversationsListModel.swift */,
			);
			path = Model;
			sourceTree = "<group>";
		};
		23275354225E1637008637A5 /* Model */ = {
			isa = PBXGroup;
			children = (
				23275355225E1649008637A5 /* ConversationViewModel.swift */,
			);
			path = Model;
			sourceTree = "<group>";
		};
		23275359225E1F6F008637A5 /* Model */ = {
			isa = PBXGroup;
			children = (
				2327535A225E1F8E008637A5 /* ProfileViewModel.swift */,
			);
			path = Model;
			sourceTree = "<group>";
		};
		2339D4C0221FFC6F002CC37C /* Models */ = {
			isa = PBXGroup;
			children = (
				23CA437322577DCF00513C9F /* ThemeModel.swift */,
			);
			path = Models;
			sourceTree = "<group>";
		};
		2359B0632264E49C008FED2F /* InternetGallery */ = {
			isa = PBXGroup;
			children = (
				2359B07B226628A8008FED2F /* View */,
				2359B07322660376008FED2F /* Model */,
				2359B0762266086F008FED2F /* Extensions */,
				2359B0642264E4B7008FED2F /* InternetGallery.storyboard */,
				2359B0662264E4CC008FED2F /* InternetGalleryViewController.swift */,
			);
			path = InternetGallery;
			sourceTree = "<group>";
		};
		2359B0682264F367008FED2F /* Network */ = {
			isa = PBXGroup;
			children = (
				2359B06D22651D7A008FED2F /* Parsers */,
				2359B0692264F374008FED2F /* Network.swift */,
				2359B06B2264F6FF008FED2F /* Requests.swift */,
				231CC44B22673AE30099B609 /* Protocols.swift */,
			);
			path = Network;
			sourceTree = "<group>";
		};
		2359B06D22651D7A008FED2F /* Parsers */ = {
			isa = PBXGroup;
			children = (
				2359B06E22651E37008FED2F /* PixbayParsers.swift */,
			);
			path = Parsers;
			sourceTree = "<group>";
		};
		2359B07322660376008FED2F /* Model */ = {
			isa = PBXGroup;
			children = (
				2359B07422660388008FED2F /* InternetGalleryModel.swift */,
			);
			path = Model;
			sourceTree = "<group>";
		};
		2359B0762266086F008FED2F /* Extensions */ = {
			isa = PBXGroup;
			children = (
				2359B07722660888008FED2F /* InternetGallery+CollectionViewDelegate.swift */,
				2359B079226608AF008FED2F /* InternetGallery+CollectionViewDataSource.swift */,
			);
			path = Extensions;
			sourceTree = "<group>";
		};
		2359B07B226628A8008FED2F /* View */ = {
			isa = PBXGroup;
			children = (
				2359B07C226628D7008FED2F /* ImageCell.swift */,
				2359B07E22662EE9008FED2F /* CustomLayout.swift */,
			);
			path = View;
			sourceTree = "<group>";
		};
		2367F62B225D2E25001D1115 /* Core */ = {
			isa = PBXGroup;
			children = (
				2367F652225DEC2F001D1115 /* Assembly */,
				2359B0682264F367008FED2F /* Network */,
				2367F635225DE317001D1115 /* Multipeer */,
				2367F62D225DD76F001D1115 /* Models */,
				2300F909224A4BC4005C55CC /* CoreData */,
			);
			path = Core;
			sourceTree = "<group>";
		};
		2367F62D225DD76F001D1115 /* Models */ = {
			isa = PBXGroup;
			children = (
				2363FCA022378857004EBEE5 /* Profile.swift */,
				2339D4C1221FFC88002CC37C /* ChatModel.swift */,
				23BD7008223FC2C600530CE5 /* MultipeerMessage.swift */,
			);
			path = Models;
			sourceTree = "<group>";
		};
		2367F62E225DD7B0001D1115 /* Presentation */ = {
			isa = PBXGroup;
			children = (
				2367F64C225DE996001D1115 /* Assembly */,
				2339D4C0221FFC6F002CC37C /* Models */,
				2367F62F225DD830001D1115 /* Controllers */,
			);
			path = Presentation;
			sourceTree = "<group>";
		};
		2367F62F225DD830001D1115 /* Controllers */ = {
			isa = PBXGroup;
			children = (
				2359B0632264E49C008FED2F /* InternetGallery */,
				23091AB2222EBD1E0088BCFB /* SwiftThemePickerView */,
				2378FACC221EF97B00C4733E /* ProfileView */,
				2378FACD221EF98900C4733E /* ConversationsListView */,
				23E619C42223D65F00E3D395 /* ChatView */,
			);
			path = Controllers;
			sourceTree = "<group>";
		};
		2367F630225DE164001D1115 /* Views */ = {
			isa = PBXGroup;
			children = (
				2367F632225DE1B8001D1115 /* ChatCell */,
			);
			path = Views;
			sourceTree = "<group>";
		};
		2367F631225DE197001D1115 /* Views */ = {
			isa = PBXGroup;
			children = (
				23BD70122241274500530CE5 /* AccessoryView */,
				236DFCB422241EB3006DE178 /* MessageBubbleCell */,
			);
			path = Views;
			sourceTree = "<group>";
		};
		2367F632225DE1B8001D1115 /* ChatCell */ = {
			isa = PBXGroup;
			children = (
				2339D4CF22200C54002CC37C /* ChatTableViewCell.xib */,
				2339D4CA221FFEAB002CC37C /* ChatTableViewCell.swift */,
			);
			path = ChatCell;
			sourceTree = "<group>";
		};
		2367F633225DE1E7001D1115 /* Views */ = {
			isa = PBXGroup;
			children = (
				23766688221995AB00CA3811 /* CustomImageView.swift */,
			);
			path = Views;
			sourceTree = "<group>";
		};
		2367F635225DE317001D1115 /* Multipeer */ = {
			isa = PBXGroup;
			children = (
				2367F636225DE345001D1115 /* CommunicationManager.swift */,
				2367F638225DE35E001D1115 /* MultipeerCommunicator.swift */,
			);
			path = Multipeer;
			sourceTree = "<group>";
		};
		2367F63A225DE3B0001D1115 /* Extensions */ = {
			isa = PBXGroup;
			children = (
				2367F63B225DE3DF001D1115 /* ConversationList+TableViewDelegate.swift */,
				2367F63D225DE418001D1115 /* ConversationsList+TableViewDataSource.swift */,
				2367F63F225DE46E001D1115 /* ConversationsList+FRCDelegate.swift */,
				23091AAF222EB7480088BCFB /* ThemePickerViewControllerDelegate.swift */,
			);
			path = Extensions;
			sourceTree = "<group>";
		};
		2367F641225DE5A4001D1115 /* Extensions */ = {
			isa = PBXGroup;
			children = (
				2367F642225DE5B8001D1115 /* ConversationView+TableViewDelegate.swift */,
				2367F644225DE5EF001D1115 /* ConversationView+FRCDelegate.swift */,
				2367F646225DE620001D1115 /* ConversationView+MessageInput.swift */,
				2367F648225DE648001D1115 /* ConversationView+TableViewDataSource.swift */,
			);
			path = Extensions;
			sourceTree = "<group>";
		};
		2367F64A225DE686001D1115 /* Extensions */ = {
			isa = PBXGroup;
			children = (
				2376668B2219B66B00CA3811 /* ProfileViewController-ImagePickerControllerDelegate.swift */,
				2376668D2219B69900CA3811 /* ProfileViewController-NavigationViewControllerDelegate.swift */,
				2359B080226645F2008FED2F /* ProfileView+IPBPictureHasChosenDelegate.swift */,
			);
			path = Extensions;
			sourceTree = "<group>";
		};
		2367F64B225DE78A001D1115 /* Services */ = {
			isa = PBXGroup;
			children = (
				2367F64F225DEA84001D1115 /* Assembly */,
				23275357225E1B37008637A5 /* PhotoService.swift */,
				23263E19225E65AE00F63730 /* StorageService.swift */,
				23263E1B225E694800F63730 /* CommunicatorService.swift */,
				2359B0712265FC12008FED2F /* NetworkService.swift */,
			);
			path = Services;
			sourceTree = "<group>";
		};
		2367F64C225DE996001D1115 /* Assembly */ = {
			isa = PBXGroup;
			children = (
				2367F64D225DE9A9001D1115 /* PresentationAssembly.swift */,
			);
			path = Assembly;
			sourceTree = "<group>";
		};
		2367F64F225DEA84001D1115 /* Assembly */ = {
			isa = PBXGroup;
			children = (
				2367F650225DEA92001D1115 /* ServiceAssembly.swift */,
			);
			path = Assembly;
			sourceTree = "<group>";
		};
		2367F652225DEC2F001D1115 /* Assembly */ = {
			isa = PBXGroup;
			children = (
				2367F653225DEC39001D1115 /* CoreAssembly.swift */,
			);
			path = Assembly;
			sourceTree = "<group>";
		};
		2367F655225E000F001D1115 /* MainAssembly */ = {
			isa = PBXGroup;
			children = (
				2367F656225E001D001D1115 /* MainAssembly.swift */,
			);
			path = MainAssembly;
			sourceTree = "<group>";
		};
		236DFCB422241EB3006DE178 /* MessageBubbleCell */ = {
			isa = PBXGroup;
			children = (
				236DFCB822241EEC006DE178 /* OutcomingMessageBubbleTableViewCell.xib */,
				236DFCBB22243AD9006DE178 /* IncomingMessageBubbleTableViewCell.xib */,
				236DFCB722241EEC006DE178 /* MessageBubbleTableViewCell.swift */,
			);
			path = MessageBubbleCell;
			sourceTree = "<group>";
		};
		2376668A2219B62400CA3811 /* ServiceHelpers */ = {
			isa = PBXGroup;
			children = (
				2307FFFD220CBC03008D351D /* service.swift */,
				23091AB5222EC7110088BCFB /* UserDefaults.swift */,
			);
			path = ServiceHelpers;
			sourceTree = "<group>";
		};
		2378FACC221EF97B00C4733E /* ProfileView */ = {
			isa = PBXGroup;
			children = (
				23275359225E1F6F008637A5 /* Model */,
				2367F64A225DE686001D1115 /* Extensions */,
				2367F633225DE1E7001D1115 /* Views */,
				2307FFEC220CB2B1008D351D /* ProfileView.storyboard */,
				2307FFEA220CB2B1008D351D /* ProfileViewController.swift */,
			);
			path = ProfileView;
			sourceTree = "<group>";
		};
		2378FACD221EF98900C4733E /* ConversationsListView */ = {
			isa = PBXGroup;
			children = (
				23275351225E14DE008637A5 /* Model */,
				2367F630225DE164001D1115 /* Views */,
				2367F63A225DE3B0001D1115 /* Extensions */,
				2378FACE221EF9F700C4733E /* ConversationsListViewController.storyboard */,
				2378FAD0221EFA2F00C4733E /* ConversationsListViewController.swift */,
				232D613D2253680100004260 /* DataProvider.swift */,
			);
			path = ConversationsListView;
			sourceTree = "<group>";
		};
		23BD70122241274500530CE5 /* AccessoryView */ = {
			isa = PBXGroup;
			children = (
				23BD70132241275F00530CE5 /* MessageInputAccessory.xib */,
				23BD701522412A4900530CE5 /* MessageInputAccessoryView.swift */,
			);
			path = AccessoryView;
			sourceTree = "<group>";
		};
		23E619C42223D65F00E3D395 /* ChatView */ = {
			isa = PBXGroup;
			children = (
				23275354225E1637008637A5 /* Model */,
				2367F631225DE197001D1115 /* Views */,
				2367F641225DE5A4001D1115 /* Extensions */,
				23E619C72223D68700E3D395 /* ChatView.storyboard */,
				23E619C52223D67D00E3D395 /* ConversationViewController.swift */,
			);
			path = ChatView;
			sourceTree = "<group>";
		};
		8D94F74CD17E31F82161F18A /* Frameworks */ = {
			isa = PBXGroup;
			children = (
				99C0772D70415B23462FF8C3 /* Pods_ChatApp.framework */,
			);
			name = Frameworks;
			sourceTree = "<group>";
		};
		B340ED073890A1EBC284B229 /* Pods */ = {
			isa = PBXGroup;
			children = (
				254E4CF629548B8E7EED7ABD /* Pods-ChatApp.debug.xcconfig */,
				30D98CD083678D0E043E7DE9 /* Pods-ChatApp.release.xcconfig */,
			);
			name = Pods;
			sourceTree = "<group>";
		};
/* End PBXGroup section */

/* Begin PBXNativeTarget section */
		2307FFE4220CB2B1008D351D /* ChatApp */ = {
			isa = PBXNativeTarget;
			buildConfigurationList = 2307FFFA220CB2B3008D351D /* Build configuration list for PBXNativeTarget "ChatApp" */;
			buildPhases = (
				5C23C6D0D26A86836868DA13 /* [CP] Check Pods Manifest.lock */,
				2307FFE1220CB2B1008D351D /* Sources */,
				2307FFE2220CB2B1008D351D /* Frameworks */,
				2307FFE3220CB2B1008D351D /* Resources */,
				231AED5322523C8E00C6BC93 /* ShellScript */,
			);
			buildRules = (
			);
			dependencies = (
			);
			name = ChatApp;
			productName = ChatApp;
			productReference = 2307FFE5220CB2B1008D351D /* ChatApp.app */;
			productType = "com.apple.product-type.application";
		};
/* End PBXNativeTarget section */

/* Begin PBXProject section */
		2307FFDD220CB2B1008D351D /* Project object */ = {
			isa = PBXProject;
			attributes = {
				LastSwiftUpdateCheck = 1010;
				LastUpgradeCheck = 1010;
				ORGANIZATIONNAME = "Иван Лебедев";
				TargetAttributes = {
					2307FFE4220CB2B1008D351D = {
						CreatedOnToolsVersion = 10.1;
						LastSwiftMigration = 1010;
					};
				};
			};
			buildConfigurationList = 2307FFE0220CB2B1008D351D /* Build configuration list for PBXProject "ChatApp" */;
			compatibilityVersion = "Xcode 9.3";
			developmentRegion = en;
			hasScannedForEncodings = 0;
			knownRegions = (
				en,
				Base,
			);
			mainGroup = 2307FFDC220CB2B1008D351D;
			productRefGroup = 2307FFE6220CB2B1008D351D /* Products */;
			projectDirPath = "";
			projectRoot = "";
			targets = (
				2307FFE4220CB2B1008D351D /* ChatApp */,
			);
		};
/* End PBXProject section */

/* Begin PBXResourcesBuildPhase section */
		2307FFE3220CB2B1008D351D /* Resources */ = {
			isa = PBXResourcesBuildPhase;
			buildActionMask = 2147483647;
			files = (
				2359B0652264E4B7008FED2F /* InternetGallery.storyboard in Resources */,
				23E619C82223D68700E3D395 /* ChatView.storyboard in Resources */,
				23945069221718FF0046F60F /* ServicePictures.xcassets in Resources */,
				2339D4D022200C54002CC37C /* ChatTableViewCell.xib in Resources */,
				23BD70142241275F00530CE5 /* MessageInputAccessory.xib in Resources */,
				236DFCBC22243AD9006DE178 /* IncomingMessageBubbleTableViewCell.xib in Resources */,
				236DFCBA22241EEC006DE178 /* OutcomingMessageBubbleTableViewCell.xib in Resources */,
				2307FFF6220CB2B3008D351D /* LaunchScreen.storyboard in Resources */,
				2307FFF3220CB2B3008D351D /* Assets.xcassets in Resources */,
				2307FFEE220CB2B1008D351D /* ProfileView.storyboard in Resources */,
				2378FACF221EF9F700C4733E /* ConversationsListViewController.storyboard in Resources */,
			);
			runOnlyForDeploymentPostprocessing = 0;
		};
/* End PBXResourcesBuildPhase section */

/* Begin PBXShellScriptBuildPhase section */
		231AED5322523C8E00C6BC93 /* ShellScript */ = {
			isa = PBXShellScriptBuildPhase;
			buildActionMask = 2147483647;
			files = (
			);
			inputFileListPaths = (
			);
			inputPaths = (
			);
			outputFileListPaths = (
			);
			outputPaths = (
			);
			runOnlyForDeploymentPostprocessing = 0;
			shellPath = /bin/sh;
			shellScript = "# Type a script or drag a script file from your workspace to insert its path.\n\"${PODS_ROOT}/SwiftLint/swiftlint\"\n";
		};
		5C23C6D0D26A86836868DA13 /* [CP] Check Pods Manifest.lock */ = {
			isa = PBXShellScriptBuildPhase;
			buildActionMask = 2147483647;
			files = (
			);
			inputPaths = (
				"${PODS_PODFILE_DIR_PATH}/Podfile.lock",
				"${PODS_ROOT}/Manifest.lock",
			);
			name = "[CP] Check Pods Manifest.lock";
			outputPaths = (
				"$(DERIVED_FILE_DIR)/Pods-ChatApp-checkManifestLockResult.txt",
			);
			runOnlyForDeploymentPostprocessing = 0;
			shellPath = /bin/sh;
			shellScript = "diff \"${PODS_PODFILE_DIR_PATH}/Podfile.lock\" \"${PODS_ROOT}/Manifest.lock\" > /dev/null\nif [ $? != 0 ] ; then\n    # print error to STDERR\n    echo \"error: The sandbox is not in sync with the Podfile.lock. Run 'pod install' or update your CocoaPods installation.\" >&2\n    exit 1\nfi\n# This output is used by Xcode 'outputs' to avoid re-running this script phase.\necho \"SUCCESS\" > \"${SCRIPT_OUTPUT_FILE_0}\"\n";
			showEnvVarsInLog = 0;
		};
/* End PBXShellScriptBuildPhase section */

/* Begin PBXSourcesBuildPhase section */
		2307FFE1220CB2B1008D351D /* Sources */ = {
			isa = PBXSourcesBuildPhase;
			buildActionMask = 2147483647;
			files = (
				2307FFF1220CB2B1008D351D /* ChatApp.xcdatamodeld in Sources */,
				23BD701622412A4900530CE5 /* MessageInputAccessoryView.swift in Sources */,
				23091AB0222EB7480088BCFB /* ThemePickerViewControllerDelegate.swift in Sources */,
				2359B06C2264F6FF008FED2F /* Requests.swift in Sources */,
				2367F64E225DE9A9001D1115 /* PresentationAssembly.swift in Sources */,
				232D613C225286C600004260 /* CoreDataExtensions.swift in Sources */,
				2367F645225DE5EF001D1115 /* ConversationView+FRCDelegate.swift in Sources */,
				2378FAD1221EFA2F00C4733E /* ConversationsListViewController.swift in Sources */,
				2367F647225DE620001D1115 /* ConversationView+MessageInput.swift in Sources */,
				2307FFFE220CBC03008D351D /* service.swift in Sources */,
				23BD7009223FC2C600530CE5 /* MultipeerMessage.swift in Sources */,
				2359B07822660888008FED2F /* InternetGallery+CollectionViewDelegate.swift in Sources */,
				2367F657225E001D001D1115 /* MainAssembly.swift in Sources */,
				2367F639225DE35E001D1115 /* MultipeerCommunicator.swift in Sources */,
				2359B0722265FC12008FED2F /* NetworkService.swift in Sources */,
				2367F63E225DE418001D1115 /* ConversationsList+TableViewDataSource.swift in Sources */,
				2359B06A2264F374008FED2F /* Network.swift in Sources */,
				2359B06F22651E37008FED2F /* PixbayParsers.swift in Sources */,
				236DFCB922241EEC006DE178 /* MessageBubbleTableViewCell.swift in Sources */,
				2327535B225E1F8E008637A5 /* ProfileViewModel.swift in Sources */,
				2307FFEB220CB2B1008D351D /* ProfileViewController.swift in Sources */,
				23275353225E14F1008637A5 /* ConversationsListModel.swift in Sources */,
				2339D4CC221FFEAB002CC37C /* ChatTableViewCell.swift in Sources */,
				2359B07D226628D7008FED2F /* ImageCell.swift in Sources */,
				23275356225E1649008637A5 /* ConversationViewModel.swift in Sources */,
				2367F63C225DE3DF001D1115 /* ConversationList+TableViewDelegate.swift in Sources */,
				23263E1C225E694800F63730 /* CommunicatorService.swift in Sources */,
				2367F640225DE46E001D1115 /* ConversationsList+FRCDelegate.swift in Sources */,
				2376668C2219B66B00CA3811 /* ProfileViewController-ImagePickerControllerDelegate.swift in Sources */,
				23091AB4222EBD470088BCFB /* SThemePickerViewController.swift in Sources */,
				232D613E2253680100004260 /* DataProvider.swift in Sources */,
				2307FFE9220CB2B1008D351D /* AppDelegate.swift in Sources */,
				2367F649225DE648001D1115 /* ConversationView+TableViewDataSource.swift in Sources */,
				2359B081226645F2008FED2F /* ProfileView+IPBPictureHasChosenDelegate.swift in Sources */,
				2367F643225DE5B8001D1115 /* ConversationView+TableViewDelegate.swift in Sources */,
				23766689221995AB00CA3811 /* CustomImageView.swift in Sources */,
				23263E1A225E65AE00F63730 /* StorageService.swift in Sources */,
				23091AB6222EC7110088BCFB /* UserDefaults.swift in Sources */,
				2376668E2219B69900CA3811 /* ProfileViewController-NavigationViewControllerDelegate.swift in Sources */,
				231CC44C22673AE30099B609 /* Protocols.swift in Sources */,
				2363FCA122378857004EBEE5 /* Profile.swift in Sources */,
				23E619C62223D67D00E3D395 /* ConversationViewController.swift in Sources */,
				2339D4C2221FFC88002CC37C /* ChatModel.swift in Sources */,
				23275358225E1B37008637A5 /* PhotoService.swift in Sources */,
				2300F90D224A502F005C55CC /* StorageManager.swift in Sources */,
				23CA437422577DCF00513C9F /* ThemeModel.swift in Sources */,
				2367F651225DEA92001D1115 /* ServiceAssembly.swift in Sources */,
				2367F637225DE345001D1115 /* CommunicationManager.swift in Sources */,
				2367F654225DEC39001D1115 /* CoreAssembly.swift in Sources */,
				2300F90B224A4BD4005C55CC /* CoreDataStack.swift in Sources */,
				2359B0672264E4CC008FED2F /* InternetGalleryViewController.swift in Sources */,
				2359B07522660388008FED2F /* InternetGalleryModel.swift in Sources */,
				2359B07F22662EE9008FED2F /* CustomLayout.swift in Sources */,
				2359B07A226608AF008FED2F /* InternetGallery+CollectionViewDataSource.swift in Sources */,
			);
			runOnlyForDeploymentPostprocessing = 0;
		};
/* End PBXSourcesBuildPhase section */

/* Begin PBXVariantGroup section */
		2307FFEC220CB2B1008D351D /* ProfileView.storyboard */ = {
			isa = PBXVariantGroup;
			children = (
				2307FFED220CB2B1008D351D /* Base */,
			);
			name = ProfileView.storyboard;
			sourceTree = "<group>";
		};
		2307FFF4220CB2B3008D351D /* LaunchScreen.storyboard */ = {
			isa = PBXVariantGroup;
			children = (
				2307FFF5220CB2B3008D351D /* Base */,
			);
			name = LaunchScreen.storyboard;
			sourceTree = "<group>";
		};
/* End PBXVariantGroup section */

/* Begin XCBuildConfiguration section */
		2307FFF8220CB2B3008D351D /* Debug */ = {
			isa = XCBuildConfiguration;
			buildSettings = {
				ALWAYS_SEARCH_USER_PATHS = NO;
				CLANG_ANALYZER_NONNULL = YES;
				CLANG_ANALYZER_NUMBER_OBJECT_CONVERSION = YES_AGGRESSIVE;
				CLANG_CXX_LANGUAGE_STANDARD = "gnu++14";
				CLANG_CXX_LIBRARY = "libc++";
				CLANG_ENABLE_MODULES = YES;
				CLANG_ENABLE_OBJC_ARC = YES;
				CLANG_ENABLE_OBJC_WEAK = YES;
				CLANG_WARN_BLOCK_CAPTURE_AUTORELEASING = YES;
				CLANG_WARN_BOOL_CONVERSION = YES;
				CLANG_WARN_COMMA = YES;
				CLANG_WARN_CONSTANT_CONVERSION = YES;
				CLANG_WARN_DEPRECATED_OBJC_IMPLEMENTATIONS = YES;
				CLANG_WARN_DIRECT_OBJC_ISA_USAGE = YES_ERROR;
				CLANG_WARN_DOCUMENTATION_COMMENTS = YES;
				CLANG_WARN_EMPTY_BODY = YES;
				CLANG_WARN_ENUM_CONVERSION = YES;
				CLANG_WARN_INFINITE_RECURSION = YES;
				CLANG_WARN_INT_CONVERSION = YES;
				CLANG_WARN_NON_LITERAL_NULL_CONVERSION = YES;
				CLANG_WARN_OBJC_IMPLICIT_RETAIN_SELF = YES;
				CLANG_WARN_OBJC_LITERAL_CONVERSION = YES;
				CLANG_WARN_OBJC_ROOT_CLASS = YES_ERROR;
				CLANG_WARN_RANGE_LOOP_ANALYSIS = YES;
				CLANG_WARN_STRICT_PROTOTYPES = YES;
				CLANG_WARN_SUSPICIOUS_MOVE = YES;
				CLANG_WARN_UNGUARDED_AVAILABILITY = YES_AGGRESSIVE;
				CLANG_WARN_UNREACHABLE_CODE = YES;
				CLANG_WARN__DUPLICATE_METHOD_MATCH = YES;
				CODE_SIGN_IDENTITY = "iPhone Developer";
				COPY_PHASE_STRIP = NO;
				DEBUG_INFORMATION_FORMAT = dwarf;
				ENABLE_STRICT_OBJC_MSGSEND = YES;
				ENABLE_TESTABILITY = YES;
				GCC_C_LANGUAGE_STANDARD = gnu11;
				GCC_DYNAMIC_NO_PIC = NO;
				GCC_NO_COMMON_BLOCKS = YES;
				GCC_OPTIMIZATION_LEVEL = 0;
				GCC_PREPROCESSOR_DEFINITIONS = (
					"DEBUG=1",
					"$(inherited)",
				);
				GCC_WARN_64_TO_32_BIT_CONVERSION = YES;
				GCC_WARN_ABOUT_RETURN_TYPE = YES_ERROR;
				GCC_WARN_UNDECLARED_SELECTOR = YES;
				GCC_WARN_UNINITIALIZED_AUTOS = YES_AGGRESSIVE;
				GCC_WARN_UNUSED_FUNCTION = YES;
				GCC_WARN_UNUSED_VARIABLE = YES;
				IPHONEOS_DEPLOYMENT_TARGET = 12.1;
				MTL_ENABLE_DEBUG_INFO = INCLUDE_SOURCE;
				MTL_FAST_MATH = YES;
				ONLY_ACTIVE_ARCH = YES;
				SDKROOT = iphoneos;
				SWIFT_ACTIVE_COMPILATION_CONDITIONS = DEBUG;
				SWIFT_OPTIMIZATION_LEVEL = "-Onone";
			};
			name = Debug;
		};
		2307FFF9220CB2B3008D351D /* Release */ = {
			isa = XCBuildConfiguration;
			buildSettings = {
				ALWAYS_SEARCH_USER_PATHS = NO;
				CLANG_ANALYZER_NONNULL = YES;
				CLANG_ANALYZER_NUMBER_OBJECT_CONVERSION = YES_AGGRESSIVE;
				CLANG_CXX_LANGUAGE_STANDARD = "gnu++14";
				CLANG_CXX_LIBRARY = "libc++";
				CLANG_ENABLE_MODULES = YES;
				CLANG_ENABLE_OBJC_ARC = YES;
				CLANG_ENABLE_OBJC_WEAK = YES;
				CLANG_WARN_BLOCK_CAPTURE_AUTORELEASING = YES;
				CLANG_WARN_BOOL_CONVERSION = YES;
				CLANG_WARN_COMMA = YES;
				CLANG_WARN_CONSTANT_CONVERSION = YES;
				CLANG_WARN_DEPRECATED_OBJC_IMPLEMENTATIONS = YES;
				CLANG_WARN_DIRECT_OBJC_ISA_USAGE = YES_ERROR;
				CLANG_WARN_DOCUMENTATION_COMMENTS = YES;
				CLANG_WARN_EMPTY_BODY = YES;
				CLANG_WARN_ENUM_CONVERSION = YES;
				CLANG_WARN_INFINITE_RECURSION = YES;
				CLANG_WARN_INT_CONVERSION = YES;
				CLANG_WARN_NON_LITERAL_NULL_CONVERSION = YES;
				CLANG_WARN_OBJC_IMPLICIT_RETAIN_SELF = YES;
				CLANG_WARN_OBJC_LITERAL_CONVERSION = YES;
				CLANG_WARN_OBJC_ROOT_CLASS = YES_ERROR;
				CLANG_WARN_RANGE_LOOP_ANALYSIS = YES;
				CLANG_WARN_STRICT_PROTOTYPES = YES;
				CLANG_WARN_SUSPICIOUS_MOVE = YES;
				CLANG_WARN_UNGUARDED_AVAILABILITY = YES_AGGRESSIVE;
				CLANG_WARN_UNREACHABLE_CODE = YES;
				CLANG_WARN__DUPLICATE_METHOD_MATCH = YES;
				CODE_SIGN_IDENTITY = "iPhone Developer";
				COPY_PHASE_STRIP = NO;
				DEBUG_INFORMATION_FORMAT = "dwarf-with-dsym";
				ENABLE_NS_ASSERTIONS = NO;
				ENABLE_STRICT_OBJC_MSGSEND = YES;
				GCC_C_LANGUAGE_STANDARD = gnu11;
				GCC_NO_COMMON_BLOCKS = YES;
				GCC_WARN_64_TO_32_BIT_CONVERSION = YES;
				GCC_WARN_ABOUT_RETURN_TYPE = YES_ERROR;
				GCC_WARN_UNDECLARED_SELECTOR = YES;
				GCC_WARN_UNINITIALIZED_AUTOS = YES_AGGRESSIVE;
				GCC_WARN_UNUSED_FUNCTION = YES;
				GCC_WARN_UNUSED_VARIABLE = YES;
				IPHONEOS_DEPLOYMENT_TARGET = 12.1;
				MTL_ENABLE_DEBUG_INFO = NO;
				MTL_FAST_MATH = YES;
				SDKROOT = iphoneos;
				SWIFT_COMPILATION_MODE = wholemodule;
				SWIFT_OPTIMIZATION_LEVEL = "-O";
				VALIDATE_PRODUCT = YES;
			};
			name = Release;
		};
		2307FFFB220CB2B3008D351D /* Debug */ = {
			isa = XCBuildConfiguration;
			baseConfigurationReference = 254E4CF629548B8E7EED7ABD /* Pods-ChatApp.debug.xcconfig */;
			buildSettings = {
				ASSETCATALOG_COMPILER_APPICON_NAME = AppIcon;
				CLANG_ENABLE_MODULES = YES;
				CLANG_ENABLE_OBJC_ARC = YES;
				CODE_SIGN_STYLE = Automatic;
				DEVELOPMENT_TEAM = 2AXUA5G5S4;
				INFOPLIST_FILE = ChatApp/Info.plist;
				IPHONEOS_DEPLOYMENT_TARGET = 11.0;
				LD_RUNPATH_SEARCH_PATHS = (
					"$(inherited)",
					"@executable_path/Frameworks",
				);
				PRODUCT_BUNDLE_IDENTIFIER = com.gudleyd.ChatApp;
				PRODUCT_NAME = "$(TARGET_NAME)";
				SWIFT_OBJC_BRIDGING_HEADER = "";
				SWIFT_OPTIMIZATION_LEVEL = "-Onone";
				SWIFT_VERSION = 4.2;
				TARGETED_DEVICE_FAMILY = 1;
			};
			name = Debug;
		};
		2307FFFC220CB2B3008D351D /* Release */ = {
			isa = XCBuildConfiguration;
			baseConfigurationReference = 30D98CD083678D0E043E7DE9 /* Pods-ChatApp.release.xcconfig */;
			buildSettings = {
				ASSETCATALOG_COMPILER_APPICON_NAME = AppIcon;
				CLANG_ENABLE_MODULES = YES;
				CLANG_ENABLE_OBJC_ARC = YES;
				CODE_SIGN_STYLE = Automatic;
				DEVELOPMENT_TEAM = 2AXUA5G5S4;
				INFOPLIST_FILE = ChatApp/Info.plist;
				IPHONEOS_DEPLOYMENT_TARGET = 11.0;
				LD_RUNPATH_SEARCH_PATHS = (
					"$(inherited)",
					"@executable_path/Frameworks",
				);
				PRODUCT_BUNDLE_IDENTIFIER = com.gudleyd.ChatApp;
				PRODUCT_NAME = "$(TARGET_NAME)";
				SWIFT_OBJC_BRIDGING_HEADER = "";
				SWIFT_VERSION = 4.2;
				TARGETED_DEVICE_FAMILY = 1;
			};
			name = Release;
		};
/* End XCBuildConfiguration section */

/* Begin XCConfigurationList section */
		2307FFE0220CB2B1008D351D /* Build configuration list for PBXProject "ChatApp" */ = {
			isa = XCConfigurationList;
			buildConfigurations = (
				2307FFF8220CB2B3008D351D /* Debug */,
				2307FFF9220CB2B3008D351D /* Release */,
			);
			defaultConfigurationIsVisible = 0;
			defaultConfigurationName = Release;
		};
		2307FFFA220CB2B3008D351D /* Build configuration list for PBXNativeTarget "ChatApp" */ = {
			isa = XCConfigurationList;
			buildConfigurations = (
				2307FFFB220CB2B3008D351D /* Debug */,
				2307FFFC220CB2B3008D351D /* Release */,
			);
			defaultConfigurationIsVisible = 0;
			defaultConfigurationName = Release;
		};
/* End XCConfigurationList section */

/* Begin XCVersionGroup section */
		2307FFEF220CB2B1008D351D /* ChatApp.xcdatamodeld */ = {
			isa = XCVersionGroup;
			children = (
				2307FFF0220CB2B1008D351D /* ChatApp.xcdatamodel */,
			);
			currentVersion = 2307FFF0220CB2B1008D351D /* ChatApp.xcdatamodel */;
			path = ChatApp.xcdatamodeld;
			sourceTree = "<group>";
			versionGroupType = wrapper.xcdatamodel;
		};
/* End XCVersionGroup section */
	};
	rootObject = 2307FFDD220CB2B1008D351D /* Project object */;
}
